// !$*UTF8*$!
{
	archiveVersion = 1;
	classes = {
	};
	objectVersion = 46;
	objects = {

/* Begin PBXBuildFile section */
		FD280E021D118DE1007A2198 /* AppDelegate.m in Sources */ = {isa = PBXBuildFile; fileRef = FD280E011D118DE1007A2198 /* AppDelegate.m */; };
		FD280E051D118DE1007A2198 /* main.m in Sources */ = {isa = PBXBuildFile; fileRef = FD280E041D118DE1007A2198 /* main.m */; };
		FD280E071D118DE1007A2198 /* Assets.xcassets in Resources */ = {isa = PBXBuildFile; fileRef = FD280E061D118DE1007A2198 /* Assets.xcassets */; };
		FD280E0A1D118DE1007A2198 /* MainMenu.xib in Resources */ = {isa = PBXBuildFile; fileRef = FD280E081D118DE1007A2198 /* MainMenu.xib */; };
		FDC02F151D1CDFD800D50711 /* WTView.m in Sources */ = {isa = PBXBuildFile; fileRef = FDC02F141D1CDFD800D50711 /* WTView.m */; };
		FDC02F181D1D1B7E00D50711 /* WTTableCellView.m in Sources */ = {isa = PBXBuildFile; fileRef = FDC02F171D1D1B7E00D50711 /* WTTableCellView.m */; };
		FDFBC8031D11A3B900DB8B5C /* WTViewController.m in Sources */ = {isa = PBXBuildFile; fileRef = FDFBC8021D11A3B900DB8B5C /* WTViewController.m */; };
/* End PBXBuildFile section */

/* Begin PBXFileReference section */
		FD280DFD1D118DE1007A2198 /* WaterTimeMac.app */ = {isa = PBXFileReference; explicitFileType = wrapper.application; includeInIndex = 0; path = WaterTimeMac.app; sourceTree = BUILT_PRODUCTS_DIR; };
		FD280E001D118DE1007A2198 /* AppDelegate.h */ = {isa = PBXFileReference; lastKnownFileType = sourcecode.c.h; path = AppDelegate.h; sourceTree = "<group>"; };
		FD280E011D118DE1007A2198 /* AppDelegate.m */ = {isa = PBXFileReference; lastKnownFileType = sourcecode.c.objc; path = AppDelegate.m; sourceTree = "<group>"; };
		FD280E041D118DE1007A2198 /* main.m */ = {isa = PBXFileReference; lastKnownFileType = sourcecode.c.objc; path = main.m; sourceTree = "<group>"; };
		FD280E061D118DE1007A2198 /* Assets.xcassets */ = {isa = PBXFileReference; lastKnownFileType = folder.assetcatalog; path = Assets.xcassets; sourceTree = "<group>"; };
		FD280E091D118DE1007A2198 /* Base */ = {isa = PBXFileReference; lastKnownFileType = file.xib; name = Base; path = Base.lproj/MainMenu.xib; sourceTree = "<group>"; };
		FD280E0B1D118DE1007A2198 /* Info.plist */ = {isa = PBXFileReference; lastKnownFileType = text.plist.xml; path = Info.plist; sourceTree = "<group>"; };
		FDC02F131D1CDFD800D50711 /* WTView.h */ = {isa = PBXFileReference; fileEncoding = 4; lastKnownFileType = sourcecode.c.h; path = WTView.h; sourceTree = "<group>"; };
		FDC02F141D1CDFD800D50711 /* WTView.m */ = {isa = PBXFileReference; fileEncoding = 4; lastKnownFileType = sourcecode.c.objc; path = WTView.m; sourceTree = "<group>"; };
		FDC02F161D1D1B7E00D50711 /* WTTableCellView.h */ = {isa = PBXFileReference; fileEncoding = 4; lastKnownFileType = sourcecode.c.h; path = WTTableCellView.h; sourceTree = "<group>"; };
		FDC02F171D1D1B7E00D50711 /* WTTableCellView.m */ = {isa = PBXFileReference; fileEncoding = 4; lastKnownFileType = sourcecode.c.objc; path = WTTableCellView.m; sourceTree = "<group>"; };
		FDFBC8011D11A3B900DB8B5C /* WTViewController.h */ = {isa = PBXFileReference; fileEncoding = 4; lastKnownFileType = sourcecode.c.h; path = WTViewController.h; sourceTree = "<group>"; };
		FDFBC8021D11A3B900DB8B5C /* WTViewController.m */ = {isa = PBXFileReference; fileEncoding = 4; lastKnownFileType = sourcecode.c.objc; path = WTViewController.m; sourceTree = "<group>"; };
/* End PBXFileReference section */

/* Begin PBXFrameworksBuildPhase section */
		FD280DFA1D118DE1007A2198 /* Frameworks */ = {
			isa = PBXFrameworksBuildPhase;
			buildActionMask = 2147483647;
			files = (
			);
			runOnlyForDeploymentPostprocessing = 0;
		};
/* End PBXFrameworksBuildPhase section */

/* Begin PBXGroup section */
		FD280DF41D118DE1007A2198 = {
			isa = PBXGroup;
			children = (
				FD280DFF1D118DE1007A2198 /* WaterTimeMac */,
				FD280DFE1D118DE1007A2198 /* Products */,
			);
			sourceTree = "<group>";
		};
		FD280DFE1D118DE1007A2198 /* Products */ = {
			isa = PBXGroup;
			children = (
				FD280DFD1D118DE1007A2198 /* WaterTimeMac.app */,
			);
			name = Products;
			sourceTree = "<group>";
		};
		FD280DFF1D118DE1007A2198 /* WaterTimeMac */ = {
			isa = PBXGroup;
			children = (
				FD280E111D118E82007A2198 /* UI */,
				FD280E001D118DE1007A2198 /* AppDelegate.h */,
				FD280E011D118DE1007A2198 /* AppDelegate.m */,
				FD280E061D118DE1007A2198 /* Assets.xcassets */,
				FD280E081D118DE1007A2198 /* MainMenu.xib */,
				FD280E0B1D118DE1007A2198 /* Info.plist */,
				FD280E031D118DE1007A2198 /* Supporting Files */,
			);
			path = WaterTimeMac;
			sourceTree = "<group>";
		};
		FD280E031D118DE1007A2198 /* Supporting Files */ = {
			isa = PBXGroup;
			children = (
				FD280E041D118DE1007A2198 /* main.m */,
			);
			name = "Supporting Files";
			sourceTree = "<group>";
		};
		FD280E111D118E82007A2198 /* UI */ = {
			isa = PBXGroup;
			children = (
				FDFBC8011D11A3B900DB8B5C /* WTViewController.h */,
				FDFBC8021D11A3B900DB8B5C /* WTViewController.m */,
				FDC02F131D1CDFD800D50711 /* WTView.h */,
				FDC02F141D1CDFD800D50711 /* WTView.m */,
				FDC02F161D1D1B7E00D50711 /* WTTableCellView.h */,
				FDC02F171D1D1B7E00D50711 /* WTTableCellView.m */,
			);
			path = UI;
			sourceTree = "<group>";
		};
/* End PBXGroup section */

/* Begin PBXNativeTarget section */
		FD280DFC1D118DE1007A2198 /* WaterTimeMac */ = {
			isa = PBXNativeTarget;
			buildConfigurationList = FD280E0E1D118DE1007A2198 /* Build configuration list for PBXNativeTarget "WaterTimeMac" */;
			buildPhases = (
				FD280DF91D118DE1007A2198 /* Sources */,
				FD280DFA1D118DE1007A2198 /* Frameworks */,
				FD280DFB1D118DE1007A2198 /* Resources */,
			);
			buildRules = (
			);
			dependencies = (
			);
			name = WaterTimeMac;
			productName = WaterTimeMac;
			productReference = FD280DFD1D118DE1007A2198 /* WaterTimeMac.app */;
			productType = "com.apple.product-type.application";
		};
/* End PBXNativeTarget section */

/* Begin PBXProject section */
		FD280DF51D118DE1007A2198 /* Project object */ = {
			isa = PBXProject;
			attributes = {
				LastUpgradeCheck = 0730;
				ORGANIZATIONNAME = WaterLiu;
				TargetAttributes = {
					FD280DFC1D118DE1007A2198 = {
						CreatedOnToolsVersion = 7.3.1;
					};
				};
			};
			buildConfigurationList = FD280DF81D118DE1007A2198 /* Build configuration list for PBXProject "WaterTimeMac" */;
			compatibilityVersion = "Xcode 3.2";
			developmentRegion = English;
			hasScannedForEncodings = 0;
			knownRegions = (
				en,
				Base,
			);
			mainGroup = FD280DF41D118DE1007A2198;
			productRefGroup = FD280DFE1D118DE1007A2198 /* Products */;
			projectDirPath = "";
			projectRoot = "";
			targets = (
				FD280DFC1D118DE1007A2198 /* WaterTimeMac */,
			);
		};
/* End PBXProject section */

/* Begin PBXResourcesBuildPhase section */
		FD280DFB1D118DE1007A2198 /* Resources */ = {
			isa = PBXResourcesBuildPhase;
			buildActionMask = 2147483647;
			files = (
				FD280E071D118DE1007A2198 /* Assets.xcassets in Resources */,
				FD280E0A1D118DE1007A2198 /* MainMenu.xib in Resources */,
			);
			runOnlyForDeploymentPostprocessing = 0;
		};
/* End PBXResourcesBuildPhase section */

/* Begin PBXSourcesBuildPhase section */
		FD280DF91D118DE1007A2198 /* Sources */ = {
			isa = PBXSourcesBuildPhase;
			buildActionMask = 2147483647;
			files = (
				FD280E051D118DE1007A2198 /* main.m in Sources */,
				FDC02F151D1CDFD800D50711 /* WTView.m in Sources */,
				FD280E021D118DE1007A2198 /* AppDelegate.m in Sources */,
				FDFBC8031D11A3B900DB8B5C /* WTViewController.m in Sources */,
				FDC02F181D1D1B7E00D50711 /* WTTableCellView.m in Sources */,
			);
			runOnlyForDeploymentPostprocessing = 0;
		};
/* End PBXSourcesBuildPhase section */

/* Begin PBXVariantGroup section */
		FD280E081D118DE1007A2198 /* MainMenu.xib */ = {
			isa = PBXVariantGroup;
			children = (
				FD280E091D118DE1007A2198 /* Base */,
			);
			name = MainMenu.xib;
			sourceTree = "<group>";
		};
/* End PBXVariantGroup section */

/* Begin XCBuildConfiguration section */
		FD280E0C1D118DE1007A2198 /* Debug */ = {
			isa = XCBuildConfiguration;
			buildSettings = {
				ALWAYS_SEARCH_USER_PATHS = NO;
				CLANG_ANALYZER_NONNULL = YES;
				CLANG_CXX_LANGUAGE_STANDARD = "gnu++0x";
				CLANG_CXX_LIBRARY = "libc++";
				CLANG_ENABLE_MODULES = YES;
				CLANG_ENABLE_OBJC_ARC = YES;
				CLANG_WARN_BOOL_CONVERSION = YES;
				CLANG_WARN_CONSTANT_CONVERSION = YES;
				CLANG_WARN_DIRECT_OBJC_ISA_USAGE = YES_ERROR;
				CLANG_WARN_EMPTY_BODY = YES;
				CLANG_WARN_ENUM_CONVERSION = YES;
				CLANG_WARN_INT_CONVERSION = YES;
				CLANG_WARN_OBJC_ROOT_CLASS = YES_ERROR;
				CLANG_WARN_UNREACHABLE_CODE = YES;
				CLANG_WARN__DUPLICATE_METHOD_MATCH = YES;
				CODE_SIGN_IDENTITY = "-";
				COPY_PHASE_STRIP = NO;
				DEBUG_INFORMATION_FORMAT = dwarf;
				ENABLE_STRICT_OBJC_MSGSEND = YES;
				ENABLE_TESTABILITY = YES;
				GCC_C_LANGUAGE_STANDARD = gnu99;
				GCC_DYNAMIC_NO_PIC = NO;
				GCC_NO_COMMON_BLOCKS = YES;
				GCC_OPTIMIZATION_LEVEL = 0;
				GCC_PREPROCESSOR_DEFINITIONS = (
					"DEBUG=1",
					"$(inherited)",
				);
				GCC_WARN_64_TO_32_BIT_CONVERSION = YES;
				GCC_WARN_ABOUT_RETURN_TYPE = YES_ERROR;
				GCC_WARN_UNDECLARED_SELECTOR = YES;
				GCC_WARN_UNINITIALIZED_AUTOS = YES_AGGRESSIVE;
				GCC_WARN_UNUSED_FUNCTION = YES;
				GCC_WARN_UNUSED_VARIABLE = YES;
				MACOSX_DEPLOYMENT_TARGET = 10.11;
				MTL_ENABLE_DEBUG_INFO = YES;
				ONLY_ACTIVE_ARCH = YES;
				SDKROOT = macosx;
			};
			name = Debug;
		};
		FD280E0D1D118DE1007A2198 /* Release */ = {
			isa = XCBuildConfiguration;
			buildSettings = {
				ALWAYS_SEARCH_USER_PATHS = NO;
				CLANG_ANALYZER_NONNULL = YES;
				CLANG_CXX_LANGUAGE_STANDARD = "gnu++0x";
				CLANG_CXX_LIBRARY = "libc++";
				CLANG_ENABLE_MODULES = YES;
				CLANG_ENABLE_OBJC_ARC = YES;
				CLANG_WARN_BOOL_CONVERSION = YES;
				CLANG_WARN_CONSTANT_CONVERSION = YES;
				CLANG_WARN_DIRECT_OBJC_ISA_USAGE = YES_ERROR;
				CLANG_WARN_EMPTY_BODY = YES;
				CLANG_WARN_ENUM_CONVERSION = YES;
				CLANG_WARN_INT_CONVERSION = YES;
				CLANG_WARN_OBJC_ROOT_CLASS = YES_ERROR;
				CLANG_WARN_UNREACHABLE_CODE = YES;
				CLANG_WARN__DUPLICATE_METHOD_MATCH = YES;
				CODE_SIGN_IDENTITY = "-";
				COPY_PHASE_STRIP = NO;
				DEBUG_INFORMATION_FORMAT = "dwarf-with-dsym";
				ENABLE_NS_ASSERTIONS = NO;
				ENABLE_STRICT_OBJC_MSGSEND = YES;
				GCC_C_LANGUAGE_STANDARD = gnu99;
				GCC_NO_COMMON_BLOCKS = YES;
				GCC_WARN_64_TO_32_BIT_CONVERSION = YES;
				GCC_WARN_ABOUT_RETURN_TYPE = YES_ERROR;
				GCC_WARN_UNDECLARED_SELECTOR = YES;
				GCC_WARN_UNINITIALIZED_AUTOS = YES_AGGRESSIVE;
				GCC_WARN_UNUSED_FUNCTION = YES;
				GCC_WARN_UNUSED_VARIABLE = YES;
				MACOSX_DEPLOYMENT_TARGET = 10.11;
				MTL_ENABLE_DEBUG_INFO = NO;
				SDKROOT = macosx;
			};
			name = Release;
		};
		FD280E0F1D118DE1007A2198 /* Debug */ = {
			isa = XCBuildConfiguration;
			buildSettings = {
				ASSETCATALOG_COMPILER_APPICON_NAME = AppIcon;
				COMBINE_HIDPI_IMAGES = YES;
				INFOPLIST_FILE = WaterTimeMac/Info.plist;
				LD_RUNPATH_SEARCH_PATHS = "$(inherited) @executable_path/../Frameworks";
				PRODUCT_BUNDLE_IDENTIFIER = Water.WaterTimeMac;
				PRODUCT_NAME = "$(TARGET_NAME)";
			};
			name = Debug;
		};
		FD280E101D118DE1007A2198 /* Release */ = {
			isa = XCBuildConfiguration;
			buildSettings = {
				ASSETCATALOG_COMPILER_APPICON_NAME = AppIcon;
				COMBINE_HIDPI_IMAGES = YES;
				INFOPLIST_FILE = WaterTimeMac/Info.plist;
				LD_RUNPATH_SEARCH_PATHS = "$(inherited) @executable_path/../Frameworks";
				PRODUCT_BUNDLE_IDENTIFIER = Water.WaterTimeMac;
				PRODUCT_NAME = "$(TARGET_NAME)";
			};
			name = Release;
		};
/* End XCBuildConfiguration section */

/* Begin XCConfigurationList section */
		FD280DF81D118DE1007A2198 /* Build configuration list for PBXProject "WaterTimeMac" */ = {
			isa = XCConfigurationList;
			buildConfigurations = (
				FD280E0C1D118DE1007A2198 /* Debug */,
				FD280E0D1D118DE1007A2198 /* Release */,
			);
			defaultConfigurationIsVisible = 0;
			defaultConfigurationName = Release;
		};
		FD280E0E1D118DE1007A2198 /* Build configuration list for PBXNativeTarget "WaterTimeMac" */ = {
			isa = XCConfigurationList;
			buildConfigurations = (
				FD280E0F1D118DE1007A2198 /* Debug */,
				FD280E101D118DE1007A2198 /* Release */,
			);
			defaultConfigurationIsVisible = 0;
			defaultConfigurationName = Release;
		};
/* End XCConfigurationList section */
	};
	rootObject = FD280DF51D118DE1007A2198 /* Project object */;
}
