// !$*UTF8*$!
{
	archiveVersion = 1;
	classes = {
	};
	objectVersion = 46;
	objects = {

/* Begin PBXBuildFile section */
		94813AA25079F2C971711013 /* libPods.a in Frameworks */ = {isa = PBXBuildFile; fileRef = 3150FADE4B9CE8450FD72602 /* libPods.a */; };
		FD14E2521B58FF06004EB769 /* WTTakeScreenShotViewController.m in Sources */ = {isa = PBXBuildFile; fileRef = FD14E2511B58FF06004EB769 /* WTTakeScreenShotViewController.m */; };
		FD196C201B4532CC0026CD9A /* WTTestViewController.m in Sources */ = {isa = PBXBuildFile; fileRef = FD196C1F1B4532CC0026CD9A /* WTTestViewController.m */; };
		FD2A04691C50D21600494EF6 /* WTCollectionViewLayout.m in Sources */ = {isa = PBXBuildFile; fileRef = FD2A04681C50D21600494EF6 /* WTCollectionViewLayout.m */; };
		FD2A9AF21C9FEB290005ACC1 /* WTCricleAnimationViewController.m in Sources */ = {isa = PBXBuildFile; fileRef = FD2A9AF11C9FEB290005ACC1 /* WTCricleAnimationViewController.m */; };
		FD2A9AF61C9FEDFE0005ACC1 /* WTCricleView.m in Sources */ = {isa = PBXBuildFile; fileRef = FD2A9AF51C9FEDFE0005ACC1 /* WTCricleView.m */; };
		FD2A9AF91CA002C10005ACC1 /* WTCricleCell.m in Sources */ = {isa = PBXBuildFile; fileRef = FD2A9AF81CA002C10005ACC1 /* WTCricleCell.m */; };
		FD2A9AFD1CA118680005ACC1 /* WTWebView.m in Sources */ = {isa = PBXBuildFile; fileRef = FD2A9AFC1CA118680005ACC1 /* WTWebView.m */; };
		FD316F781C7B08AB00D7792B /* WTMRNetworkViewController.m in Sources */ = {isa = PBXBuildFile; fileRef = FD316F771C7B08AB00D7792B /* WTMRNetworkViewController.m */; };
		FD36C0511CF6A8D400CC347B /* NTCArticleAttachmentView.m in Sources */ = {isa = PBXBuildFile; fileRef = FD36C0391CF6A8D400CC347B /* NTCArticleAttachmentView.m */; };
		FD36C0521CF6A8D400CC347B /* NTCArticleImageAttachmentView.m in Sources */ = {isa = PBXBuildFile; fileRef = FD36C03B1CF6A8D400CC347B /* NTCArticleImageAttachmentView.m */; };
		FD36C0531CF6A8D400CC347B /* NTCArticleTextAttachment.m in Sources */ = {isa = PBXBuildFile; fileRef = FD36C03D1CF6A8D400CC347B /* NTCArticleTextAttachment.m */; };
		FD36C0541CF6A8D400CC347B /* NTCArticleLayoutManager.m in Sources */ = {isa = PBXBuildFile; fileRef = FD36C0401CF6A8D400CC347B /* NTCArticleLayoutManager.m */; };
		FD36C0551CF6A8D400CC347B /* NTCArticleTextContainer.m in Sources */ = {isa = PBXBuildFile; fileRef = FD36C0421CF6A8D400CC347B /* NTCArticleTextContainer.m */; };
		FD36C0561CF6A8D400CC347B /* NTCArticleTextStorage.m in Sources */ = {isa = PBXBuildFile; fileRef = FD36C0441CF6A8D400CC347B /* NTCArticleTextStorage.m */; };
		FD36C0571CF6A8D400CC347B /* EGTextView.m in Sources */ = {isa = PBXBuildFile; fileRef = FD36C0471CF6A8D400CC347B /* EGTextView.m */; };
		FD36C0581CF6A8D400CC347B /* NTCArticleTextView.m in Sources */ = {isa = PBXBuildFile; fileRef = FD36C0491CF6A8D400CC347B /* NTCArticleTextView.m */; };
		FD36C0591CF6A8D400CC347B /* NTCPostLongArticleTextView.m in Sources */ = {isa = PBXBuildFile; fileRef = FD36C04B1CF6A8D400CC347B /* NTCPostLongArticleTextView.m */; };
		FD36C05A1CF6A8D400CC347B /* AssetHelper.m in Sources */ = {isa = PBXBuildFile; fileRef = FD36C04E1CF6A8D400CC347B /* AssetHelper.m */; };
		FD36C05B1CF6A8D400CC347B /* UIImage+Compress.m in Sources */ = {isa = PBXBuildFile; fileRef = FD36C0501CF6A8D400CC347B /* UIImage+Compress.m */; };
		FD40CEEA1CA3EFF500E59101 /* WTAnimationGroup.m in Sources */ = {isa = PBXBuildFile; fileRef = FD40CEE91CA3EFF500E59101 /* WTAnimationGroup.m */; };
		FD50B0F51A84C9040082A79E /* WTCoreDataManager.m in Sources */ = {isa = PBXBuildFile; fileRef = FD50B0F41A84C9040082A79E /* WTCoreDataManager.m */; };
		FD552EDA1B2848A600E96A9B /* WTSKStoreProductViewController.m in Sources */ = {isa = PBXBuildFile; fileRef = FD552ED91B2848A600E96A9B /* WTSKStoreProductViewController.m */; };
		FD69C31D1B428F3E00C2A715 /* WTCrashReportViewController.m in Sources */ = {isa = PBXBuildFile; fileRef = FD69C31C1B428F3E00C2A715 /* WTCrashReportViewController.m */; };
		FD6D59381C9FA55F007726E8 /* StickerView.m in Sources */ = {isa = PBXBuildFile; fileRef = FD6D59371C9FA55F007726E8 /* StickerView.m */; };
		FD760B2E1B6A33C700219284 /* LaunchScreen.xib in Resources */ = {isa = PBXBuildFile; fileRef = FD760B2C1B6A33C700219284 /* LaunchScreen.xib */; };
		FD7EBCE71C1ED5F5007C479D /* WTFontViewController.m in Sources */ = {isa = PBXBuildFile; fileRef = FD7EBCE61C1ED5F5007C479D /* WTFontViewController.m */; };
		FD976CAC1B79F024005CE35D /* WTURLProtocolViewController.m in Sources */ = {isa = PBXBuildFile; fileRef = FD976CAB1B79F024005CE35D /* WTURLProtocolViewController.m */; };
		FDA12B8B1B4060CE000DA235 /* Reachability.m in Sources */ = {isa = PBXBuildFile; fileRef = FDA12B8A1B4060CE000DA235 /* Reachability.m */; };
		FDA12B8F1B406202000DA235 /* WTNetworkStateViewController.m in Sources */ = {isa = PBXBuildFile; fileRef = FDA12B8E1B406202000DA235 /* WTNetworkStateViewController.m */; };
		FDCA8FDC1CF70DE100541BB3 /* WTTextViewViewController.m in Sources */ = {isa = PBXBuildFile; fileRef = FDCA8FDB1CF70DE100541BB3 /* WTTextViewViewController.m */; };
		FDCEFBAC1C9BACBF00136144 /* WTImageFilterViewController.m in Sources */ = {isa = PBXBuildFile; fileRef = FDCEFBAB1C9BACBF00136144 /* WTImageFilterViewController.m */; };
		FDCEFBB01C9BB45D00136144 /* GIFDownloader.m in Sources */ = {isa = PBXBuildFile; fileRef = FDCEFBAF1C9BB45D00136144 /* GIFDownloader.m */; };
		FDCF0A1F1A71F2A200EE1B89 /* main.m in Sources */ = {isa = PBXBuildFile; fileRef = FDCF0A1E1A71F2A200EE1B89 /* main.m */; };
		FDCF0A221A71F2A200EE1B89 /* AppDelegate.m in Sources */ = {isa = PBXBuildFile; fileRef = FDCF0A211A71F2A200EE1B89 /* AppDelegate.m */; };
		FDCF0A2B1A71F2A200EE1B89 /* Main.storyboard in Resources */ = {isa = PBXBuildFile; fileRef = FDCF0A291A71F2A200EE1B89 /* Main.storyboard */; };
		FDCF0A2D1A71F2A200EE1B89 /* Images.xcassets in Resources */ = {isa = PBXBuildFile; fileRef = FDCF0A2C1A71F2A200EE1B89 /* Images.xcassets */; };
		FDCF0A481A71F34C00EE1B89 /* WTMainViewController.m in Sources */ = {isa = PBXBuildFile; fileRef = FDCF0A471A71F34C00EE1B89 /* WTMainViewController.m */; };
		FDCF0A4B1A721E2400EE1B89 /* MainTableShowContentList.plist in Resources */ = {isa = PBXBuildFile; fileRef = FDCF0A4A1A721E2400EE1B89 /* MainTableShowContentList.plist */; };
		FDCF0A4E1A721FAD00EE1B89 /* WTMainTableConfigUtils.m in Sources */ = {isa = PBXBuildFile; fileRef = FDCF0A4D1A721FAD00EE1B89 /* WTMainTableConfigUtils.m */; };
		FDCF0A521A722A4E00EE1B89 /* WTLayoutBaseViewController.m in Sources */ = {isa = PBXBuildFile; fileRef = FDCF0A511A722A4E00EE1B89 /* WTLayoutBaseViewController.m */; };
		FDCF0A551A722A7F00EE1B89 /* WTCommonBaseViewController.m in Sources */ = {isa = PBXBuildFile; fileRef = FDCF0A541A722A7F00EE1B89 /* WTCommonBaseViewController.m */; };
		FDCF0A591A72397C00EE1B89 /* WTCoreDataViewController.m in Sources */ = {isa = PBXBuildFile; fileRef = FDCF0A581A72397C00EE1B89 /* WTCoreDataViewController.m */; };
		FDDAE55B1B6F71B70035D462 /* WTLocalAuthenticationViewController.m in Sources */ = {isa = PBXBuildFile; fileRef = FDDAE55A1B6F71B70035D462 /* WTLocalAuthenticationViewController.m */; };
		FDDC58E31C1988230070E578 /* WTCoreVideoViewController.m in Sources */ = {isa = PBXBuildFile; fileRef = FDDC58E21C1988230070E578 /* WTCoreVideoViewController.m */; };
		FDE03C601C79FBE8006569D2 /* WTTelephonyNetworkInfoViewController.m in Sources */ = {isa = PBXBuildFile; fileRef = FDE03C5F1C79FBE8006569D2 /* WTTelephonyNetworkInfoViewController.m */; };
		FDE03C621C79FC32006569D2 /* CoreTelephony.framework in Frameworks */ = {isa = PBXBuildFile; fileRef = FDE03C611C79FC32006569D2 /* CoreTelephony.framework */; };
		FDEACA0D1B2EC94F0074258C /* WTBackgroundBlurViewController.m in Sources */ = {isa = PBXBuildFile; fileRef = FDEACA0C1B2EC94F0074258C /* WTBackgroundBlurViewController.m */; };
		FDEACA101B2ECF320074258C /* WTMainTableJMPController.m in Sources */ = {isa = PBXBuildFile; fileRef = FDEACA0F1B2ECF320074258C /* WTMainTableJMPController.m */; };
		FDEACA131B2ECF6E0074258C /* UIImage+BlurGlass.m in Sources */ = {isa = PBXBuildFile; fileRef = FDEACA121B2ECF6E0074258C /* UIImage+BlurGlass.m */; };
		FDFF5CEF1C4FCF440097FFC4 /* WTCollectionViewController.m in Sources */ = {isa = PBXBuildFile; fileRef = FDFF5CEE1C4FCF440097FFC4 /* WTCollectionViewController.m */; };
/* End PBXBuildFile section */

/* Begin PBXFileReference section */
		043C18C718179D8A07CC7C57 /* Pods.debug.xcconfig */ = {isa = PBXFileReference; includeInIndex = 1; lastKnownFileType = text.xcconfig; name = Pods.debug.xcconfig; path = "Pods/Target Support Files/Pods/Pods.debug.xcconfig"; sourceTree = "<group>"; };
		3150FADE4B9CE8450FD72602 /* libPods.a */ = {isa = PBXFileReference; explicitFileType = archive.ar; includeInIndex = 0; path = libPods.a; sourceTree = BUILT_PRODUCTS_DIR; };
		A9835A787E2C7B42917D3A7D /* Pods.release.xcconfig */ = {isa = PBXFileReference; includeInIndex = 1; lastKnownFileType = text.xcconfig; name = Pods.release.xcconfig; path = "Pods/Target Support Files/Pods/Pods.release.xcconfig"; sourceTree = "<group>"; };
		FD14E2501B58FF06004EB769 /* WTTakeScreenShotViewController.h */ = {isa = PBXFileReference; fileEncoding = 4; lastKnownFileType = sourcecode.c.h; path = WTTakeScreenShotViewController.h; sourceTree = "<group>"; };
		FD14E2511B58FF06004EB769 /* WTTakeScreenShotViewController.m */ = {isa = PBXFileReference; fileEncoding = 4; lastKnownFileType = sourcecode.c.objc; path = WTTakeScreenShotViewController.m; sourceTree = "<group>"; };
		FD196C1E1B4532CC0026CD9A /* WTTestViewController.h */ = {isa = PBXFileReference; fileEncoding = 4; lastKnownFileType = sourcecode.c.h; path = WTTestViewController.h; sourceTree = "<group>"; };
		FD196C1F1B4532CC0026CD9A /* WTTestViewController.m */ = {isa = PBXFileReference; fileEncoding = 4; lastKnownFileType = sourcecode.c.objc; path = WTTestViewController.m; sourceTree = "<group>"; };
		FD2A04671C50D21600494EF6 /* WTCollectionViewLayout.h */ = {isa = PBXFileReference; fileEncoding = 4; lastKnownFileType = sourcecode.c.h; path = WTCollectionViewLayout.h; sourceTree = "<group>"; };
		FD2A04681C50D21600494EF6 /* WTCollectionViewLayout.m */ = {isa = PBXFileReference; fileEncoding = 4; lastKnownFileType = sourcecode.c.objc; path = WTCollectionViewLayout.m; sourceTree = "<group>"; };
		FD2A9AF01C9FEB290005ACC1 /* WTCricleAnimationViewController.h */ = {isa = PBXFileReference; fileEncoding = 4; lastKnownFileType = sourcecode.c.h; path = WTCricleAnimationViewController.h; sourceTree = "<group>"; };
		FD2A9AF11C9FEB290005ACC1 /* WTCricleAnimationViewController.m */ = {isa = PBXFileReference; fileEncoding = 4; lastKnownFileType = sourcecode.c.objc; path = WTCricleAnimationViewController.m; sourceTree = "<group>"; };
		FD2A9AF41C9FEDFE0005ACC1 /* WTCricleView.h */ = {isa = PBXFileReference; fileEncoding = 4; lastKnownFileType = sourcecode.c.h; path = WTCricleView.h; sourceTree = "<group>"; };
		FD2A9AF51C9FEDFE0005ACC1 /* WTCricleView.m */ = {isa = PBXFileReference; fileEncoding = 4; lastKnownFileType = sourcecode.c.objc; path = WTCricleView.m; sourceTree = "<group>"; };
		FD2A9AF71CA002C10005ACC1 /* WTCricleCell.h */ = {isa = PBXFileReference; fileEncoding = 4; lastKnownFileType = sourcecode.c.h; path = WTCricleCell.h; sourceTree = "<group>"; };
		FD2A9AF81CA002C10005ACC1 /* WTCricleCell.m */ = {isa = PBXFileReference; fileEncoding = 4; lastKnownFileType = sourcecode.c.objc; path = WTCricleCell.m; sourceTree = "<group>"; };
		FD2A9AFB1CA118680005ACC1 /* WTWebView.h */ = {isa = PBXFileReference; fileEncoding = 4; lastKnownFileType = sourcecode.c.h; path = WTWebView.h; sourceTree = "<group>"; };
		FD2A9AFC1CA118680005ACC1 /* WTWebView.m */ = {isa = PBXFileReference; fileEncoding = 4; lastKnownFileType = sourcecode.c.objc; path = WTWebView.m; sourceTree = "<group>"; };
		FD316F761C7B08AB00D7792B /* WTMRNetworkViewController.h */ = {isa = PBXFileReference; fileEncoding = 4; lastKnownFileType = sourcecode.c.h; path = WTMRNetworkViewController.h; sourceTree = "<group>"; };
		FD316F771C7B08AB00D7792B /* WTMRNetworkViewController.m */ = {isa = PBXFileReference; fileEncoding = 4; lastKnownFileType = sourcecode.c.objc; path = WTMRNetworkViewController.m; sourceTree = "<group>"; };
		FD36C0381CF6A8D400CC347B /* NTCArticleAttachmentView.h */ = {isa = PBXFileReference; fileEncoding = 4; lastKnownFileType = sourcecode.c.h; path = NTCArticleAttachmentView.h; sourceTree = "<group>"; };
		FD36C0391CF6A8D400CC347B /* NTCArticleAttachmentView.m */ = {isa = PBXFileReference; fileEncoding = 4; lastKnownFileType = sourcecode.c.objc; path = NTCArticleAttachmentView.m; sourceTree = "<group>"; };
		FD36C03A1CF6A8D400CC347B /* NTCArticleImageAttachmentView.h */ = {isa = PBXFileReference; fileEncoding = 4; lastKnownFileType = sourcecode.c.h; path = NTCArticleImageAttachmentView.h; sourceTree = "<group>"; };
		FD36C03B1CF6A8D400CC347B /* NTCArticleImageAttachmentView.m */ = {isa = PBXFileReference; fileEncoding = 4; lastKnownFileType = sourcecode.c.objc; path = NTCArticleImageAttachmentView.m; sourceTree = "<group>"; };
		FD36C03C1CF6A8D400CC347B /* NTCArticleTextAttachment.h */ = {isa = PBXFileReference; fileEncoding = 4; lastKnownFileType = sourcecode.c.h; path = NTCArticleTextAttachment.h; sourceTree = "<group>"; };
		FD36C03D1CF6A8D400CC347B /* NTCArticleTextAttachment.m */ = {isa = PBXFileReference; fileEncoding = 4; lastKnownFileType = sourcecode.c.objc; path = NTCArticleTextAttachment.m; sourceTree = "<group>"; };
		FD36C03F1CF6A8D400CC347B /* NTCArticleLayoutManager.h */ = {isa = PBXFileReference; fileEncoding = 4; lastKnownFileType = sourcecode.c.h; path = NTCArticleLayoutManager.h; sourceTree = "<group>"; };
		FD36C0401CF6A8D400CC347B /* NTCArticleLayoutManager.m */ = {isa = PBXFileReference; fileEncoding = 4; lastKnownFileType = sourcecode.c.objc; path = NTCArticleLayoutManager.m; sourceTree = "<group>"; };
		FD36C0411CF6A8D400CC347B /* NTCArticleTextContainer.h */ = {isa = PBXFileReference; fileEncoding = 4; lastKnownFileType = sourcecode.c.h; path = NTCArticleTextContainer.h; sourceTree = "<group>"; };
		FD36C0421CF6A8D400CC347B /* NTCArticleTextContainer.m */ = {isa = PBXFileReference; fileEncoding = 4; lastKnownFileType = sourcecode.c.objc; path = NTCArticleTextContainer.m; sourceTree = "<group>"; };
		FD36C0431CF6A8D400CC347B /* NTCArticleTextStorage.h */ = {isa = PBXFileReference; fileEncoding = 4; lastKnownFileType = sourcecode.c.h; path = NTCArticleTextStorage.h; sourceTree = "<group>"; };
		FD36C0441CF6A8D400CC347B /* NTCArticleTextStorage.m */ = {isa = PBXFileReference; fileEncoding = 4; lastKnownFileType = sourcecode.c.objc; path = NTCArticleTextStorage.m; sourceTree = "<group>"; };
		FD36C0461CF6A8D400CC347B /* EGTextView.h */ = {isa = PBXFileReference; fileEncoding = 4; lastKnownFileType = sourcecode.c.h; path = EGTextView.h; sourceTree = "<group>"; };
		FD36C0471CF6A8D400CC347B /* EGTextView.m */ = {isa = PBXFileReference; fileEncoding = 4; lastKnownFileType = sourcecode.c.objc; path = EGTextView.m; sourceTree = "<group>"; };
		FD36C0481CF6A8D400CC347B /* NTCArticleTextView.h */ = {isa = PBXFileReference; fileEncoding = 4; lastKnownFileType = sourcecode.c.h; path = NTCArticleTextView.h; sourceTree = "<group>"; };
		FD36C0491CF6A8D400CC347B /* NTCArticleTextView.m */ = {isa = PBXFileReference; fileEncoding = 4; lastKnownFileType = sourcecode.c.objc; path = NTCArticleTextView.m; sourceTree = "<group>"; };
		FD36C04A1CF6A8D400CC347B /* NTCPostLongArticleTextView.h */ = {isa = PBXFileReference; fileEncoding = 4; lastKnownFileType = sourcecode.c.h; path = NTCPostLongArticleTextView.h; sourceTree = "<group>"; };
		FD36C04B1CF6A8D400CC347B /* NTCPostLongArticleTextView.m */ = {isa = PBXFileReference; fileEncoding = 4; lastKnownFileType = sourcecode.c.objc; path = NTCPostLongArticleTextView.m; sourceTree = "<group>"; };
		FD36C04D1CF6A8D400CC347B /* AssetHelper.h */ = {isa = PBXFileReference; fileEncoding = 4; lastKnownFileType = sourcecode.c.h; path = AssetHelper.h; sourceTree = "<group>"; };
		FD36C04E1CF6A8D400CC347B /* AssetHelper.m */ = {isa = PBXFileReference; fileEncoding = 4; lastKnownFileType = sourcecode.c.objc; path = AssetHelper.m; sourceTree = "<group>"; };
		FD36C04F1CF6A8D400CC347B /* UIImage+Compress.h */ = {isa = PBXFileReference; fileEncoding = 4; lastKnownFileType = sourcecode.c.h; path = "UIImage+Compress.h"; sourceTree = "<group>"; };
		FD36C0501CF6A8D400CC347B /* UIImage+Compress.m */ = {isa = PBXFileReference; fileEncoding = 4; lastKnownFileType = sourcecode.c.objc; path = "UIImage+Compress.m"; sourceTree = "<group>"; };
		FD40CEE81CA3EFF500E59101 /* WTAnimationGroup.h */ = {isa = PBXFileReference; fileEncoding = 4; lastKnownFileType = sourcecode.c.h; path = WTAnimationGroup.h; sourceTree = "<group>"; };
		FD40CEE91CA3EFF500E59101 /* WTAnimationGroup.m */ = {isa = PBXFileReference; fileEncoding = 4; lastKnownFileType = sourcecode.c.objc; path = WTAnimationGroup.m; sourceTree = "<group>"; };
		FD50B0F31A84C9040082A79E /* WTCoreDataManager.h */ = {isa = PBXFileReference; fileEncoding = 4; lastKnownFileType = sourcecode.c.h; path = WTCoreDataManager.h; sourceTree = "<group>"; };
		FD50B0F41A84C9040082A79E /* WTCoreDataManager.m */ = {isa = PBXFileReference; fileEncoding = 4; lastKnownFileType = sourcecode.c.objc; path = WTCoreDataManager.m; sourceTree = "<group>"; };
		FD552ED81B2848A600E96A9B /* WTSKStoreProductViewController.h */ = {isa = PBXFileReference; fileEncoding = 4; lastKnownFileType = sourcecode.c.h; path = WTSKStoreProductViewController.h; sourceTree = "<group>"; };
		FD552ED91B2848A600E96A9B /* WTSKStoreProductViewController.m */ = {isa = PBXFileReference; fileEncoding = 4; lastKnownFileType = sourcecode.c.objc; path = WTSKStoreProductViewController.m; sourceTree = "<group>"; };
		FD69C31B1B428F3E00C2A715 /* WTCrashReportViewController.h */ = {isa = PBXFileReference; fileEncoding = 4; lastKnownFileType = sourcecode.c.h; path = WTCrashReportViewController.h; sourceTree = "<group>"; };
		FD69C31C1B428F3E00C2A715 /* WTCrashReportViewController.m */ = {isa = PBXFileReference; fileEncoding = 4; lastKnownFileType = sourcecode.c.objc; path = WTCrashReportViewController.m; sourceTree = "<group>"; };
		FD6D59361C9FA55F007726E8 /* StickerView.h */ = {isa = PBXFileReference; fileEncoding = 4; lastKnownFileType = sourcecode.c.h; path = StickerView.h; sourceTree = "<group>"; };
		FD6D59371C9FA55F007726E8 /* StickerView.m */ = {isa = PBXFileReference; fileEncoding = 4; lastKnownFileType = sourcecode.c.objc; path = StickerView.m; sourceTree = "<group>"; };
		FD760B2D1B6A33C700219284 /* Base */ = {isa = PBXFileReference; lastKnownFileType = file.xib; name = Base; path = Base.lproj/LaunchScreen.xib; sourceTree = "<group>"; };
		FD7EBCE51C1ED5F5007C479D /* WTFontViewController.h */ = {isa = PBXFileReference; fileEncoding = 4; lastKnownFileType = sourcecode.c.h; path = WTFontViewController.h; sourceTree = "<group>"; };
		FD7EBCE61C1ED5F5007C479D /* WTFontViewController.m */ = {isa = PBXFileReference; fileEncoding = 4; lastKnownFileType = sourcecode.c.objc; path = WTFontViewController.m; sourceTree = "<group>"; };
		FD976CAA1B79F024005CE35D /* WTURLProtocolViewController.h */ = {isa = PBXFileReference; fileEncoding = 4; lastKnownFileType = sourcecode.c.h; path = WTURLProtocolViewController.h; sourceTree = "<group>"; };
		FD976CAB1B79F024005CE35D /* WTURLProtocolViewController.m */ = {isa = PBXFileReference; fileEncoding = 4; lastKnownFileType = sourcecode.c.objc; path = WTURLProtocolViewController.m; sourceTree = "<group>"; };
		FDA12B891B4060CE000DA235 /* Reachability.h */ = {isa = PBXFileReference; fileEncoding = 4; lastKnownFileType = sourcecode.c.h; path = Reachability.h; sourceTree = "<group>"; };
		FDA12B8A1B4060CE000DA235 /* Reachability.m */ = {isa = PBXFileReference; fileEncoding = 4; lastKnownFileType = sourcecode.c.objc; path = Reachability.m; sourceTree = "<group>"; };
		FDA12B8D1B406202000DA235 /* WTNetworkStateViewController.h */ = {isa = PBXFileReference; fileEncoding = 4; lastKnownFileType = sourcecode.c.h; path = WTNetworkStateViewController.h; sourceTree = "<group>"; };
		FDA12B8E1B406202000DA235 /* WTNetworkStateViewController.m */ = {isa = PBXFileReference; fileEncoding = 4; lastKnownFileType = sourcecode.c.objc; path = WTNetworkStateViewController.m; sourceTree = "<group>"; };
		FDCA8FDA1CF70DE100541BB3 /* WTTextViewViewController.h */ = {isa = PBXFileReference; fileEncoding = 4; lastKnownFileType = sourcecode.c.h; path = WTTextViewViewController.h; sourceTree = "<group>"; };
		FDCA8FDB1CF70DE100541BB3 /* WTTextViewViewController.m */ = {isa = PBXFileReference; fileEncoding = 4; lastKnownFileType = sourcecode.c.objc; path = WTTextViewViewController.m; sourceTree = "<group>"; };
		FDCEFBAA1C9BACBF00136144 /* WTImageFilterViewController.h */ = {isa = PBXFileReference; fileEncoding = 4; lastKnownFileType = sourcecode.c.h; path = WTImageFilterViewController.h; sourceTree = "<group>"; };
		FDCEFBAB1C9BACBF00136144 /* WTImageFilterViewController.m */ = {isa = PBXFileReference; fileEncoding = 4; lastKnownFileType = sourcecode.c.objc; path = WTImageFilterViewController.m; sourceTree = "<group>"; };
		FDCEFBAE1C9BB45D00136144 /* GIFDownloader.h */ = {isa = PBXFileReference; fileEncoding = 4; lastKnownFileType = sourcecode.c.h; path = GIFDownloader.h; sourceTree = "<group>"; };
		FDCEFBAF1C9BB45D00136144 /* GIFDownloader.m */ = {isa = PBXFileReference; fileEncoding = 4; lastKnownFileType = sourcecode.c.objc; path = GIFDownloader.m; sourceTree = "<group>"; };
		FDCF0A191A71F2A200EE1B89 /* WaterTime.app */ = {isa = PBXFileReference; explicitFileType = wrapper.application; includeInIndex = 0; path = WaterTime.app; sourceTree = BUILT_PRODUCTS_DIR; };
		FDCF0A1D1A71F2A200EE1B89 /* Info.plist */ = {isa = PBXFileReference; lastKnownFileType = text.plist.xml; path = Info.plist; sourceTree = "<group>"; };
		FDCF0A1E1A71F2A200EE1B89 /* main.m */ = {isa = PBXFileReference; lastKnownFileType = sourcecode.c.objc; path = main.m; sourceTree = "<group>"; };
		FDCF0A201A71F2A200EE1B89 /* AppDelegate.h */ = {isa = PBXFileReference; lastKnownFileType = sourcecode.c.h; path = AppDelegate.h; sourceTree = "<group>"; };
		FDCF0A211A71F2A200EE1B89 /* AppDelegate.m */ = {isa = PBXFileReference; lastKnownFileType = sourcecode.c.objc; path = AppDelegate.m; sourceTree = "<group>"; };
		FDCF0A2A1A71F2A200EE1B89 /* Base */ = {isa = PBXFileReference; lastKnownFileType = file.storyboard; name = Base; path = Base.lproj/Main.storyboard; sourceTree = "<group>"; };
		FDCF0A2C1A71F2A200EE1B89 /* Images.xcassets */ = {isa = PBXFileReference; lastKnownFileType = folder.assetcatalog; path = Images.xcassets; sourceTree = "<group>"; };
		FDCF0A3A1A71F2A200EE1B89 /* Info.plist */ = {isa = PBXFileReference; lastKnownFileType = text.plist.xml; path = Info.plist; sourceTree = "<group>"; };
		FDCF0A3B1A71F2A200EE1B89 /* WaterTimeTests.m */ = {isa = PBXFileReference; lastKnownFileType = sourcecode.c.objc; path = WaterTimeTests.m; sourceTree = "<group>"; };
		FDCF0A461A71F34C00EE1B89 /* WTMainViewController.h */ = {isa = PBXFileReference; fileEncoding = 4; lastKnownFileType = sourcecode.c.h; path = WTMainViewController.h; sourceTree = "<group>"; };
		FDCF0A471A71F34C00EE1B89 /* WTMainViewController.m */ = {isa = PBXFileReference; fileEncoding = 4; lastKnownFileType = sourcecode.c.objc; path = WTMainViewController.m; sourceTree = "<group>"; };
		FDCF0A4A1A721E2400EE1B89 /* MainTableShowContentList.plist */ = {isa = PBXFileReference; fileEncoding = 4; lastKnownFileType = text.plist.xml; path = MainTableShowContentList.plist; sourceTree = "<group>"; };
		FDCF0A4C1A721FAD00EE1B89 /* WTMainTableConfigUtils.h */ = {isa = PBXFileReference; fileEncoding = 4; lastKnownFileType = sourcecode.c.h; path = WTMainTableConfigUtils.h; sourceTree = "<group>"; };
		FDCF0A4D1A721FAD00EE1B89 /* WTMainTableConfigUtils.m */ = {isa = PBXFileReference; fileEncoding = 4; lastKnownFileType = sourcecode.c.objc; path = WTMainTableConfigUtils.m; sourceTree = "<group>"; };
		FDCF0A501A722A4E00EE1B89 /* WTLayoutBaseViewController.h */ = {isa = PBXFileReference; fileEncoding = 4; lastKnownFileType = sourcecode.c.h; path = WTLayoutBaseViewController.h; sourceTree = "<group>"; };
		FDCF0A511A722A4E00EE1B89 /* WTLayoutBaseViewController.m */ = {isa = PBXFileReference; fileEncoding = 4; lastKnownFileType = sourcecode.c.objc; path = WTLayoutBaseViewController.m; sourceTree = "<group>"; };
		FDCF0A531A722A7F00EE1B89 /* WTCommonBaseViewController.h */ = {isa = PBXFileReference; fileEncoding = 4; lastKnownFileType = sourcecode.c.h; path = WTCommonBaseViewController.h; sourceTree = "<group>"; };
		FDCF0A541A722A7F00EE1B89 /* WTCommonBaseViewController.m */ = {isa = PBXFileReference; fileEncoding = 4; lastKnownFileType = sourcecode.c.objc; path = WTCommonBaseViewController.m; sourceTree = "<group>"; };
		FDCF0A571A72397C00EE1B89 /* WTCoreDataViewController.h */ = {isa = PBXFileReference; fileEncoding = 4; lastKnownFileType = sourcecode.c.h; path = WTCoreDataViewController.h; sourceTree = "<group>"; };
		FDCF0A581A72397C00EE1B89 /* WTCoreDataViewController.m */ = {isa = PBXFileReference; fileEncoding = 4; lastKnownFileType = sourcecode.c.objc; path = WTCoreDataViewController.m; sourceTree = "<group>"; };
		FDDAE5591B6F71B70035D462 /* WTLocalAuthenticationViewController.h */ = {isa = PBXFileReference; fileEncoding = 4; lastKnownFileType = sourcecode.c.h; path = WTLocalAuthenticationViewController.h; sourceTree = "<group>"; };
		FDDAE55A1B6F71B70035D462 /* WTLocalAuthenticationViewController.m */ = {isa = PBXFileReference; fileEncoding = 4; lastKnownFileType = sourcecode.c.objc; path = WTLocalAuthenticationViewController.m; sourceTree = "<group>"; };
		FDDC58E11C1988230070E578 /* WTCoreVideoViewController.h */ = {isa = PBXFileReference; fileEncoding = 4; lastKnownFileType = sourcecode.c.h; path = WTCoreVideoViewController.h; sourceTree = "<group>"; };
		FDDC58E21C1988230070E578 /* WTCoreVideoViewController.m */ = {isa = PBXFileReference; fileEncoding = 4; lastKnownFileType = sourcecode.c.objc; path = WTCoreVideoViewController.m; sourceTree = "<group>"; };
		FDE03C5E1C79FBE8006569D2 /* WTTelephonyNetworkInfoViewController.h */ = {isa = PBXFileReference; fileEncoding = 4; lastKnownFileType = sourcecode.c.h; path = WTTelephonyNetworkInfoViewController.h; sourceTree = "<group>"; };
		FDE03C5F1C79FBE8006569D2 /* WTTelephonyNetworkInfoViewController.m */ = {isa = PBXFileReference; fileEncoding = 4; lastKnownFileType = sourcecode.c.objc; path = WTTelephonyNetworkInfoViewController.m; sourceTree = "<group>"; };
		FDE03C611C79FC32006569D2 /* CoreTelephony.framework */ = {isa = PBXFileReference; lastKnownFileType = wrapper.framework; name = CoreTelephony.framework; path = System/Library/Frameworks/CoreTelephony.framework; sourceTree = SDKROOT; };
		FDEACA0B1B2EC94F0074258C /* WTBackgroundBlurViewController.h */ = {isa = PBXFileReference; fileEncoding = 4; lastKnownFileType = sourcecode.c.h; path = WTBackgroundBlurViewController.h; sourceTree = "<group>"; };
		FDEACA0C1B2EC94F0074258C /* WTBackgroundBlurViewController.m */ = {isa = PBXFileReference; fileEncoding = 4; lastKnownFileType = sourcecode.c.objc; path = WTBackgroundBlurViewController.m; sourceTree = "<group>"; };
		FDEACA0E1B2ECF320074258C /* WTMainTableJMPController.h */ = {isa = PBXFileReference; fileEncoding = 4; lastKnownFileType = sourcecode.c.h; path = WTMainTableJMPController.h; sourceTree = "<group>"; };
		FDEACA0F1B2ECF320074258C /* WTMainTableJMPController.m */ = {isa = PBXFileReference; fileEncoding = 4; lastKnownFileType = sourcecode.c.objc; path = WTMainTableJMPController.m; sourceTree = "<group>"; };
		FDEACA111B2ECF6E0074258C /* UIImage+BlurGlass.h */ = {isa = PBXFileReference; fileEncoding = 4; lastKnownFileType = sourcecode.c.h; path = "UIImage+BlurGlass.h"; sourceTree = "<group>"; };
		FDEACA121B2ECF6E0074258C /* UIImage+BlurGlass.m */ = {isa = PBXFileReference; fileEncoding = 4; lastKnownFileType = sourcecode.c.objc; path = "UIImage+BlurGlass.m"; sourceTree = "<group>"; };
		FDFF5CED1C4FCF440097FFC4 /* WTCollectionViewController.h */ = {isa = PBXFileReference; fileEncoding = 4; lastKnownFileType = sourcecode.c.h; path = WTCollectionViewController.h; sourceTree = "<group>"; };
		FDFF5CEE1C4FCF440097FFC4 /* WTCollectionViewController.m */ = {isa = PBXFileReference; fileEncoding = 4; lastKnownFileType = sourcecode.c.objc; path = WTCollectionViewController.m; sourceTree = "<group>"; };
/* End PBXFileReference section */

/* Begin PBXFrameworksBuildPhase section */
		FDCF0A161A71F2A200EE1B89 /* Frameworks */ = {
			isa = PBXFrameworksBuildPhase;
			buildActionMask = 2147483647;
			files = (
				FDE03C621C79FC32006569D2 /* CoreTelephony.framework in Frameworks */,
				94813AA25079F2C971711013 /* libPods.a in Frameworks */,
			);
			runOnlyForDeploymentPostprocessing = 0;
		};
/* End PBXFrameworksBuildPhase section */

/* Begin PBXGroup section */
		0433913010F58CDA26E3FF9F /* Frameworks */ = {
			isa = PBXGroup;
			children = (
				FDE03C611C79FC32006569D2 /* CoreTelephony.framework */,
				3150FADE4B9CE8450FD72602 /* libPods.a */,
			);
			name = Frameworks;
			sourceTree = "<group>";
		};
		D8F77ECB74CDB5C08EBFF820 /* Pods */ = {
			isa = PBXGroup;
			children = (
				043C18C718179D8A07CC7C57 /* Pods.debug.xcconfig */,
				A9835A787E2C7B42917D3A7D /* Pods.release.xcconfig */,
			);
			name = Pods;
			sourceTree = "<group>";
		};
		FD2A9AF31C9FEDE20005ACC1 /* View */ = {
			isa = PBXGroup;
			children = (
				FD40CEE81CA3EFF500E59101 /* WTAnimationGroup.h */,
				FD40CEE91CA3EFF500E59101 /* WTAnimationGroup.m */,
				FD2A9AFB1CA118680005ACC1 /* WTWebView.h */,
				FD2A9AFC1CA118680005ACC1 /* WTWebView.m */,
				FD2A9AF41C9FEDFE0005ACC1 /* WTCricleView.h */,
				FD2A9AF51C9FEDFE0005ACC1 /* WTCricleView.m */,
				FD2A9AF71CA002C10005ACC1 /* WTCricleCell.h */,
				FD2A9AF81CA002C10005ACC1 /* WTCricleCell.m */,
			);
			path = View;
			sourceTree = "<group>";
		};
		FD36C0351CF6A8D400CC347B /* TextView */ = {
			isa = PBXGroup;
			children = (
				FD36C0361CF6A8D400CC347B /* MixGraphicTextEngine */,
				FDCA8FDA1CF70DE100541BB3 /* WTTextViewViewController.h */,
				FDCA8FDB1CF70DE100541BB3 /* WTTextViewViewController.m */,
			);
			path = TextView;
			sourceTree = "<group>";
		};
		FD36C0361CF6A8D400CC347B /* MixGraphicTextEngine */ = {
			isa = PBXGroup;
			children = (
				FD36C0371CF6A8D400CC347B /* Attachment */,
				FD36C03E1CF6A8D400CC347B /* TextKit */,
				FD36C0451CF6A8D400CC347B /* TextView */,
				FD36C04C1CF6A8D400CC347B /* Utils */,
			);
			path = MixGraphicTextEngine;
			sourceTree = "<group>";
		};
		FD36C0371CF6A8D400CC347B /* Attachment */ = {
			isa = PBXGroup;
			children = (
				FD36C0381CF6A8D400CC347B /* NTCArticleAttachmentView.h */,
				FD36C0391CF6A8D400CC347B /* NTCArticleAttachmentView.m */,
				FD36C03A1CF6A8D400CC347B /* NTCArticleImageAttachmentView.h */,
				FD36C03B1CF6A8D400CC347B /* NTCArticleImageAttachmentView.m */,
				FD36C03C1CF6A8D400CC347B /* NTCArticleTextAttachment.h */,
				FD36C03D1CF6A8D400CC347B /* NTCArticleTextAttachment.m */,
			);
			path = Attachment;
			sourceTree = "<group>";
		};
		FD36C03E1CF6A8D400CC347B /* TextKit */ = {
			isa = PBXGroup;
			children = (
				FD36C03F1CF6A8D400CC347B /* NTCArticleLayoutManager.h */,
				FD36C0401CF6A8D400CC347B /* NTCArticleLayoutManager.m */,
				FD36C0411CF6A8D400CC347B /* NTCArticleTextContainer.h */,
				FD36C0421CF6A8D400CC347B /* NTCArticleTextContainer.m */,
				FD36C0431CF6A8D400CC347B /* NTCArticleTextStorage.h */,
				FD36C0441CF6A8D400CC347B /* NTCArticleTextStorage.m */,
			);
			path = TextKit;
			sourceTree = "<group>";
		};
		FD36C0451CF6A8D400CC347B /* TextView */ = {
			isa = PBXGroup;
			children = (
				FD36C0461CF6A8D400CC347B /* EGTextView.h */,
				FD36C0471CF6A8D400CC347B /* EGTextView.m */,
				FD36C0481CF6A8D400CC347B /* NTCArticleTextView.h */,
				FD36C0491CF6A8D400CC347B /* NTCArticleTextView.m */,
				FD36C04A1CF6A8D400CC347B /* NTCPostLongArticleTextView.h */,
				FD36C04B1CF6A8D400CC347B /* NTCPostLongArticleTextView.m */,
			);
			path = TextView;
			sourceTree = "<group>";
		};
		FD36C04C1CF6A8D400CC347B /* Utils */ = {
			isa = PBXGroup;
			children = (
				FD36C04D1CF6A8D400CC347B /* AssetHelper.h */,
				FD36C04E1CF6A8D400CC347B /* AssetHelper.m */,
				FD36C04F1CF6A8D400CC347B /* UIImage+Compress.h */,
				FD36C0501CF6A8D400CC347B /* UIImage+Compress.m */,
			);
			path = Utils;
			sourceTree = "<group>";
		};
		FD552ED71B28482C00E96A9B /* SystemService */ = {
			isa = PBXGroup;
			children = (
				FD552ED81B2848A600E96A9B /* WTSKStoreProductViewController.h */,
				FD552ED91B2848A600E96A9B /* WTSKStoreProductViewController.m */,
				FD14E2501B58FF06004EB769 /* WTTakeScreenShotViewController.h */,
				FD14E2511B58FF06004EB769 /* WTTakeScreenShotViewController.m */,
				FDDAE5591B6F71B70035D462 /* WTLocalAuthenticationViewController.h */,
				FDDAE55A1B6F71B70035D462 /* WTLocalAuthenticationViewController.m */,
				FDE03C5E1C79FBE8006569D2 /* WTTelephonyNetworkInfoViewController.h */,
				FDE03C5F1C79FBE8006569D2 /* WTTelephonyNetworkInfoViewController.m */,
			);
			name = SystemService;
			path = WaterTime/UI/SystemService;
			sourceTree = SOURCE_ROOT;
		};
		FD69C31A1B428F0F00C2A715 /* BaseService */ = {
			isa = PBXGroup;
			children = (
				FD69C31B1B428F3E00C2A715 /* WTCrashReportViewController.h */,
				FD69C31C1B428F3E00C2A715 /* WTCrashReportViewController.m */,
			);
			name = BaseService;
			path = WaterTime/UI/BaseService;
			sourceTree = SOURCE_ROOT;
		};
		FDA12B861B40609A000DA235 /* Foundation */ = {
			isa = PBXGroup;
			children = (
				FDCEFBAD1C9BB3FC00136144 /* UIKit */,
				FDA12B871B4060CE000DA235 /* Network */,
			);
			path = Foundation;
			sourceTree = "<group>";
		};
		FDA12B871B4060CE000DA235 /* Network */ = {
			isa = PBXGroup;
			children = (
				FDA12B881B4060CE000DA235 /* NetState */,
			);
			path = Network;
			sourceTree = "<group>";
		};
		FDA12B881B4060CE000DA235 /* NetState */ = {
			isa = PBXGroup;
			children = (
				FDA12B891B4060CE000DA235 /* Reachability.h */,
				FDA12B8A1B4060CE000DA235 /* Reachability.m */,
			);
			path = NetState;
			sourceTree = "<group>";
		};
		FDA12B8C1B406197000DA235 /* Network */ = {
			isa = PBXGroup;
			children = (
				FDA12B8D1B406202000DA235 /* WTNetworkStateViewController.h */,
				FDA12B8E1B406202000DA235 /* WTNetworkStateViewController.m */,
				FD976CAA1B79F024005CE35D /* WTURLProtocolViewController.h */,
				FD976CAB1B79F024005CE35D /* WTURLProtocolViewController.m */,
				FD316F761C7B08AB00D7792B /* WTMRNetworkViewController.h */,
				FD316F771C7B08AB00D7792B /* WTMRNetworkViewController.m */,
			);
			path = Network;
			sourceTree = "<group>";
		};
		FDCEFBAD1C9BB3FC00136144 /* UIKit */ = {
			isa = PBXGroup;
			children = (
				FD6D59361C9FA55F007726E8 /* StickerView.h */,
				FD6D59371C9FA55F007726E8 /* StickerView.m */,
			);
			name = UIKit;
			path = Network/UIKit;
			sourceTree = "<group>";
		};
		FDCF0A101A71F2A200EE1B89 = {
			isa = PBXGroup;
			children = (
				FDCF0A1B1A71F2A200EE1B89 /* WaterTime */,
				FDCF0A381A71F2A200EE1B89 /* WaterTimeTests */,
				FDCF0A1A1A71F2A200EE1B89 /* Products */,
				D8F77ECB74CDB5C08EBFF820 /* Pods */,
				0433913010F58CDA26E3FF9F /* Frameworks */,
			);
			sourceTree = "<group>";
		};
		FDCF0A1A1A71F2A200EE1B89 /* Products */ = {
			isa = PBXGroup;
			children = (
				FDCF0A191A71F2A200EE1B89 /* WaterTime.app */,
			);
			name = Products;
			sourceTree = "<group>";
		};
		FDCF0A1B1A71F2A200EE1B89 /* WaterTime */ = {
			isa = PBXGroup;
			children = (
				FDCF0A491A721DE300EE1B89 /* ConfigFiles */,
				FDCF0A451A71F33200EE1B89 /* UI */,
				FDA12B861B40609A000DA235 /* Foundation */,
				FDCF0A201A71F2A200EE1B89 /* AppDelegate.h */,
				FDCF0A211A71F2A200EE1B89 /* AppDelegate.m */,
				FDCF0A291A71F2A200EE1B89 /* Main.storyboard */,
				FD760B2C1B6A33C700219284 /* LaunchScreen.xib */,
				FDCF0A2C1A71F2A200EE1B89 /* Images.xcassets */,
				FDCF0A1C1A71F2A200EE1B89 /* Supporting Files */,
			);
			path = WaterTime;
			sourceTree = "<group>";
		};
		FDCF0A1C1A71F2A200EE1B89 /* Supporting Files */ = {
			isa = PBXGroup;
			children = (
				FDCF0A1D1A71F2A200EE1B89 /* Info.plist */,
				FDCF0A1E1A71F2A200EE1B89 /* main.m */,
			);
			name = "Supporting Files";
			sourceTree = "<group>";
		};
		FDCF0A381A71F2A200EE1B89 /* WaterTimeTests */ = {
			isa = PBXGroup;
			children = (
				FDCF0A3B1A71F2A200EE1B89 /* WaterTimeTests.m */,
				FDCF0A391A71F2A200EE1B89 /* Supporting Files */,
			);
			path = WaterTimeTests;
			sourceTree = "<group>";
		};
		FDCF0A391A71F2A200EE1B89 /* Supporting Files */ = {
			isa = PBXGroup;
			children = (
				FDCF0A3A1A71F2A200EE1B89 /* Info.plist */,
			);
			name = "Supporting Files";
			sourceTree = "<group>";
		};
		FDCF0A451A71F33200EE1B89 /* UI */ = {
			isa = PBXGroup;
			children = (
				FDCF0A5A1A724D2600EE1B89 /* Utilities */,
				FDCF0A4F1A722A0F00EE1B89 /* Abstract */,
				FDDC58E01C1987DF0070E578 /* CoreVideo */,
				FDCF0A561A72395900EE1B89 /* CoreData */,
				FD552ED71B28482C00E96A9B /* SystemService */,
				FDEACA0A1B2EC8B90074258C /* UI */,
				FDA12B8C1B406197000DA235 /* Network */,
				FD69C31A1B428F0F00C2A715 /* BaseService */,
				FDCF0A461A71F34C00EE1B89 /* WTMainViewController.h */,
				FDCF0A471A71F34C00EE1B89 /* WTMainViewController.m */,
			);
			path = UI;
			sourceTree = "<group>";
		};
		FDCF0A491A721DE300EE1B89 /* ConfigFiles */ = {
			isa = PBXGroup;
			children = (
				FDCF0A4A1A721E2400EE1B89 /* MainTableShowContentList.plist */,
				FDEACA0E1B2ECF320074258C /* WTMainTableJMPController.h */,
				FDEACA0F1B2ECF320074258C /* WTMainTableJMPController.m */,
				FDCF0A4C1A721FAD00EE1B89 /* WTMainTableConfigUtils.h */,
				FDCF0A4D1A721FAD00EE1B89 /* WTMainTableConfigUtils.m */,
			);
			path = ConfigFiles;
			sourceTree = "<group>";
		};
		FDCF0A4F1A722A0F00EE1B89 /* Abstract */ = {
			isa = PBXGroup;
			children = (
				FDCF0A501A722A4E00EE1B89 /* WTLayoutBaseViewController.h */,
				FDCF0A511A722A4E00EE1B89 /* WTLayoutBaseViewController.m */,
				FDCF0A531A722A7F00EE1B89 /* WTCommonBaseViewController.h */,
				FDCF0A541A722A7F00EE1B89 /* WTCommonBaseViewController.m */,
			);
			path = Abstract;
			sourceTree = "<group>";
		};
		FDCF0A561A72395900EE1B89 /* CoreData */ = {
			isa = PBXGroup;
			children = (
				FDCF0A571A72397C00EE1B89 /* WTCoreDataViewController.h */,
				FDCF0A581A72397C00EE1B89 /* WTCoreDataViewController.m */,
				FD50B0F31A84C9040082A79E /* WTCoreDataManager.h */,
				FD50B0F41A84C9040082A79E /* WTCoreDataManager.m */,
			);
			path = CoreData;
			sourceTree = "<group>";
		};
		FDCF0A5A1A724D2600EE1B89 /* Utilities */ = {
			isa = PBXGroup;
			children = (
				FDEACA111B2ECF6E0074258C /* UIImage+BlurGlass.h */,
				FDEACA121B2ECF6E0074258C /* UIImage+BlurGlass.m */,
			);
			path = Utilities;
			sourceTree = "<group>";
		};
		FDDC58E01C1987DF0070E578 /* CoreVideo */ = {
			isa = PBXGroup;
			children = (
				FDCEFBAE1C9BB45D00136144 /* GIFDownloader.h */,
				FDCEFBAF1C9BB45D00136144 /* GIFDownloader.m */,
				FDDC58E11C1988230070E578 /* WTCoreVideoViewController.h */,
				FDDC58E21C1988230070E578 /* WTCoreVideoViewController.m */,
			);
			path = CoreVideo;
			sourceTree = "<group>";
		};
		FDEACA0A1B2EC8B90074258C /* UI */ = {
			isa = PBXGroup;
			children = (
				FD36C0351CF6A8D400CC347B /* TextView */,
				FD2A9AF31C9FEDE20005ACC1 /* View */,
				FDEACA0B1B2EC94F0074258C /* WTBackgroundBlurViewController.h */,
				FDEACA0C1B2EC94F0074258C /* WTBackgroundBlurViewController.m */,
				FD196C1E1B4532CC0026CD9A /* WTTestViewController.h */,
				FD196C1F1B4532CC0026CD9A /* WTTestViewController.m */,
				FD7EBCE51C1ED5F5007C479D /* WTFontViewController.h */,
				FD7EBCE61C1ED5F5007C479D /* WTFontViewController.m */,
				FDFF5CED1C4FCF440097FFC4 /* WTCollectionViewController.h */,
				FDFF5CEE1C4FCF440097FFC4 /* WTCollectionViewController.m */,
				FD2A04671C50D21600494EF6 /* WTCollectionViewLayout.h */,
				FD2A04681C50D21600494EF6 /* WTCollectionViewLayout.m */,
				FDCEFBAA1C9BACBF00136144 /* WTImageFilterViewController.h */,
				FDCEFBAB1C9BACBF00136144 /* WTImageFilterViewController.m */,
				FD2A9AF01C9FEB290005ACC1 /* WTCricleAnimationViewController.h */,
				FD2A9AF11C9FEB290005ACC1 /* WTCricleAnimationViewController.m */,
			);
			name = UI;
			path = WaterTime/UI/UI;
			sourceTree = SOURCE_ROOT;
		};
/* End PBXGroup section */

/* Begin PBXNativeTarget section */
		FDCF0A181A71F2A200EE1B89 /* WaterTime */ = {
			isa = PBXNativeTarget;
			buildConfigurationList = FDCF0A3F1A71F2A200EE1B89 /* Build configuration list for PBXNativeTarget "WaterTime" */;
			buildPhases = (
				CF55173481D310822D39A649 /* Check Pods Manifest.lock */,
				FDCF0A151A71F2A200EE1B89 /* Sources */,
				FDCF0A161A71F2A200EE1B89 /* Frameworks */,
				FDCF0A171A71F2A200EE1B89 /* Resources */,
				846C0216557E00EFAEFE9B80 /* Copy Pods Resources */,
			);
			buildRules = (
			);
			dependencies = (
			);
			name = WaterTime;
			productName = WaterTime;
			productReference = FDCF0A191A71F2A200EE1B89 /* WaterTime.app */;
			productType = "com.apple.product-type.application";
		};
/* End PBXNativeTarget section */

/* Begin PBXProject section */
		FDCF0A111A71F2A200EE1B89 /* Project object */ = {
			isa = PBXProject;
			attributes = {
				LastUpgradeCheck = 0610;
				ORGANIZATIONNAME = WaterLiu;
				TargetAttributes = {
					FDCF0A181A71F2A200EE1B89 = {
						CreatedOnToolsVersion = 6.1.1;
						SystemCapabilities = {
							com.apple.BackgroundModes = {
								enabled = 0;
							};
						};
					};
				};
			};
			buildConfigurationList = FDCF0A141A71F2A200EE1B89 /* Build configuration list for PBXProject "WaterTime" */;
			compatibilityVersion = "Xcode 3.2";
			developmentRegion = English;
			hasScannedForEncodings = 0;
			knownRegions = (
				en,
				Base,
			);
			mainGroup = FDCF0A101A71F2A200EE1B89;
			productRefGroup = FDCF0A1A1A71F2A200EE1B89 /* Products */;
			projectDirPath = "";
			projectRoot = "";
			targets = (
				FDCF0A181A71F2A200EE1B89 /* WaterTime */,
			);
		};
/* End PBXProject section */

/* Begin PBXResourcesBuildPhase section */
		FDCF0A171A71F2A200EE1B89 /* Resources */ = {
			isa = PBXResourcesBuildPhase;
			buildActionMask = 2147483647;
			files = (
				FD760B2E1B6A33C700219284 /* LaunchScreen.xib in Resources */,
				FDCF0A2B1A71F2A200EE1B89 /* Main.storyboard in Resources */,
				FDCF0A4B1A721E2400EE1B89 /* MainTableShowContentList.plist in Resources */,
				FDCF0A2D1A71F2A200EE1B89 /* Images.xcassets in Resources */,
			);
			runOnlyForDeploymentPostprocessing = 0;
		};
/* End PBXResourcesBuildPhase section */

/* Begin PBXShellScriptBuildPhase section */
		846C0216557E00EFAEFE9B80 /* Copy Pods Resources */ = {
			isa = PBXShellScriptBuildPhase;
			buildActionMask = 2147483647;
			files = (
			);
			inputPaths = (
			);
			name = "Copy Pods Resources";
			outputPaths = (
			);
			runOnlyForDeploymentPostprocessing = 0;
			shellPath = /bin/sh;
			shellScript = "\"${SRCROOT}/Pods/Target Support Files/Pods/Pods-resources.sh\"\n";
			showEnvVarsInLog = 0;
		};
		CF55173481D310822D39A649 /* Check Pods Manifest.lock */ = {
			isa = PBXShellScriptBuildPhase;
			buildActionMask = 2147483647;
			files = (
			);
			inputPaths = (
			);
			name = "Check Pods Manifest.lock";
			outputPaths = (
			);
			runOnlyForDeploymentPostprocessing = 0;
			shellPath = /bin/sh;
			shellScript = "diff \"${PODS_ROOT}/../Podfile.lock\" \"${PODS_ROOT}/Manifest.lock\" > /dev/null\nif [[ $? != 0 ]] ; then\n    cat << EOM\nerror: The sandbox is not in sync with the Podfile.lock. Run 'pod install' or update your CocoaPods installation.\nEOM\n    exit 1\nfi\n";
			showEnvVarsInLog = 0;
		};
/* End PBXShellScriptBuildPhase section */

/* Begin PBXSourcesBuildPhase section */
		FDCF0A151A71F2A200EE1B89 /* Sources */ = {
			isa = PBXSourcesBuildPhase;
			buildActionMask = 2147483647;
			files = (
				FD36C0541CF6A8D400CC347B /* NTCArticleLayoutManager.m in Sources */,
				FDA12B8B1B4060CE000DA235 /* Reachability.m in Sources */,
				FDCF0A481A71F34C00EE1B89 /* WTMainViewController.m in Sources */,
				FDEACA131B2ECF6E0074258C /* UIImage+BlurGlass.m in Sources */,
				FDCEFBAC1C9BACBF00136144 /* WTImageFilterViewController.m in Sources */,
				FD2A04691C50D21600494EF6 /* WTCollectionViewLayout.m in Sources */,
				FDCF0A4E1A721FAD00EE1B89 /* WTMainTableConfigUtils.m in Sources */,
				FD2A9AF91CA002C10005ACC1 /* WTCricleCell.m in Sources */,
				FD36C0561CF6A8D400CC347B /* NTCArticleTextStorage.m in Sources */,
				FDA12B8F1B406202000DA235 /* WTNetworkStateViewController.m in Sources */,
				FD36C05A1CF6A8D400CC347B /* AssetHelper.m in Sources */,
				FD36C0551CF6A8D400CC347B /* NTCArticleTextContainer.m in Sources */,
				FD36C0511CF6A8D400CC347B /* NTCArticleAttachmentView.m in Sources */,
				FD7EBCE71C1ED5F5007C479D /* WTFontViewController.m in Sources */,
				FD69C31D1B428F3E00C2A715 /* WTCrashReportViewController.m in Sources */,
				FDCA8FDC1CF70DE100541BB3 /* WTTextViewViewController.m in Sources */,
				FD2A9AFD1CA118680005ACC1 /* WTWebView.m in Sources */,
				FDCF0A591A72397C00EE1B89 /* WTCoreDataViewController.m in Sources */,
				FDEACA101B2ECF320074258C /* WTMainTableJMPController.m in Sources */,
				FDEACA0D1B2EC94F0074258C /* WTBackgroundBlurViewController.m in Sources */,
				FD6D59381C9FA55F007726E8 /* StickerView.m in Sources */,
				FD36C0521CF6A8D400CC347B /* NTCArticleImageAttachmentView.m in Sources */,
				FD36C0591CF6A8D400CC347B /* NTCPostLongArticleTextView.m in Sources */,
				FD316F781C7B08AB00D7792B /* WTMRNetworkViewController.m in Sources */,
				FDCF0A551A722A7F00EE1B89 /* WTCommonBaseViewController.m in Sources */,
				FDCEFBB01C9BB45D00136144 /* GIFDownloader.m in Sources */,
				FD552EDA1B2848A600E96A9B /* WTSKStoreProductViewController.m in Sources */,
				FD14E2521B58FF06004EB769 /* WTTakeScreenShotViewController.m in Sources */,
				FDDC58E31C1988230070E578 /* WTCoreVideoViewController.m in Sources */,
				FD2A9AF61C9FEDFE0005ACC1 /* WTCricleView.m in Sources */,
				FDDAE55B1B6F71B70035D462 /* WTLocalAuthenticationViewController.m in Sources */,
				FD196C201B4532CC0026CD9A /* WTTestViewController.m in Sources */,
				FDE03C601C79FBE8006569D2 /* WTTelephonyNetworkInfoViewController.m in Sources */,
				FDCF0A221A71F2A200EE1B89 /* AppDelegate.m in Sources */,
				FD36C0581CF6A8D400CC347B /* NTCArticleTextView.m in Sources */,
				FD2A9AF21C9FEB290005ACC1 /* WTCricleAnimationViewController.m in Sources */,
				FD50B0F51A84C9040082A79E /* WTCoreDataManager.m in Sources */,
				FDCF0A1F1A71F2A200EE1B89 /* main.m in Sources */,
				FD40CEEA1CA3EFF500E59101 /* WTAnimationGroup.m in Sources */,
				FD36C0571CF6A8D400CC347B /* EGTextView.m in Sources */,
				FD36C0531CF6A8D400CC347B /* NTCArticleTextAttachment.m in Sources */,
				FDFF5CEF1C4FCF440097FFC4 /* WTCollectionViewController.m in Sources */,
				FD36C05B1CF6A8D400CC347B /* UIImage+Compress.m in Sources */,
				FDCF0A521A722A4E00EE1B89 /* WTLayoutBaseViewController.m in Sources */,
				FD976CAC1B79F024005CE35D /* WTURLProtocolViewController.m in Sources */,
			);
			runOnlyForDeploymentPostprocessing = 0;
		};
/* End PBXSourcesBuildPhase section */

/* Begin PBXVariantGroup section */
		FD760B2C1B6A33C700219284 /* LaunchScreen.xib */ = {
			isa = PBXVariantGroup;
			children = (
				FD760B2D1B6A33C700219284 /* Base */,
			);
			name = LaunchScreen.xib;
			sourceTree = "<group>";
		};
		FDCF0A291A71F2A200EE1B89 /* Main.storyboard */ = {
			isa = PBXVariantGroup;
			children = (
				FDCF0A2A1A71F2A200EE1B89 /* Base */,
			);
			name = Main.storyboard;
			sourceTree = "<group>";
		};
/* End PBXVariantGroup section */

/* Begin XCBuildConfiguration section */
		FDCF0A3D1A71F2A200EE1B89 /* Debug */ = {
			isa = XCBuildConfiguration;
			buildSettings = {
				ALWAYS_SEARCH_USER_PATHS = NO;
				CLANG_CXX_LANGUAGE_STANDARD = "gnu++0x";
				CLANG_CXX_LIBRARY = "libc++";
				CLANG_ENABLE_MODULES = YES;
				CLANG_ENABLE_OBJC_ARC = YES;
				CLANG_WARN_BOOL_CONVERSION = YES;
				CLANG_WARN_CONSTANT_CONVERSION = YES;
				CLANG_WARN_DIRECT_OBJC_ISA_USAGE = YES_ERROR;
				CLANG_WARN_EMPTY_BODY = YES;
				CLANG_WARN_ENUM_CONVERSION = YES;
				CLANG_WARN_INT_CONVERSION = YES;
				CLANG_WARN_OBJC_ROOT_CLASS = YES_ERROR;
				CLANG_WARN_UNREACHABLE_CODE = YES;
				CLANG_WARN__DUPLICATE_METHOD_MATCH = YES;
				CODE_SIGN_IDENTITY = "iPhone Developer";
				"CODE_SIGN_IDENTITY[sdk=iphoneos*]" = "iPhone Developer";
				COPY_PHASE_STRIP = NO;
				ENABLE_STRICT_OBJC_MSGSEND = YES;
				GCC_C_LANGUAGE_STANDARD = gnu99;
				GCC_DYNAMIC_NO_PIC = NO;
				GCC_OPTIMIZATION_LEVEL = 0;
				GCC_PREPROCESSOR_DEFINITIONS = (
					"DEBUG=1",
					"$(inherited)",
				);
				GCC_SYMBOLS_PRIVATE_EXTERN = NO;
				GCC_WARN_64_TO_32_BIT_CONVERSION = YES;
				GCC_WARN_ABOUT_RETURN_TYPE = YES_ERROR;
				GCC_WARN_UNDECLARED_SELECTOR = YES;
				GCC_WARN_UNINITIALIZED_AUTOS = YES_AGGRESSIVE;
				GCC_WARN_UNUSED_FUNCTION = YES;
				GCC_WARN_UNUSED_VARIABLE = YES;
				IPHONEOS_DEPLOYMENT_TARGET = 8.1;
				MTL_ENABLE_DEBUG_INFO = YES;
				ONLY_ACTIVE_ARCH = YES;
				SDKROOT = iphoneos;
			};
			name = Debug;
		};
		FDCF0A3E1A71F2A200EE1B89 /* Release */ = {
			isa = XCBuildConfiguration;
			buildSettings = {
				ALWAYS_SEARCH_USER_PATHS = NO;
				CLANG_CXX_LANGUAGE_STANDARD = "gnu++0x";
				CLANG_CXX_LIBRARY = "libc++";
				CLANG_ENABLE_MODULES = YES;
				CLANG_ENABLE_OBJC_ARC = YES;
				CLANG_WARN_BOOL_CONVERSION = YES;
				CLANG_WARN_CONSTANT_CONVERSION = YES;
				CLANG_WARN_DIRECT_OBJC_ISA_USAGE = YES_ERROR;
				CLANG_WARN_EMPTY_BODY = YES;
				CLANG_WARN_ENUM_CONVERSION = YES;
				CLANG_WARN_INT_CONVERSION = YES;
				CLANG_WARN_OBJC_ROOT_CLASS = YES_ERROR;
				CLANG_WARN_UNREACHABLE_CODE = YES;
				CLANG_WARN__DUPLICATE_METHOD_MATCH = YES;
				CODE_SIGN_IDENTITY = "iPhone Developer";
				"CODE_SIGN_IDENTITY[sdk=iphoneos*]" = "iPhone Developer";
				COPY_PHASE_STRIP = YES;
				ENABLE_NS_ASSERTIONS = NO;
				ENABLE_STRICT_OBJC_MSGSEND = YES;
				GCC_C_LANGUAGE_STANDARD = gnu99;
				GCC_WARN_64_TO_32_BIT_CONVERSION = YES;
				GCC_WARN_ABOUT_RETURN_TYPE = YES_ERROR;
				GCC_WARN_UNDECLARED_SELECTOR = YES;
				GCC_WARN_UNINITIALIZED_AUTOS = YES_AGGRESSIVE;
				GCC_WARN_UNUSED_FUNCTION = YES;
				GCC_WARN_UNUSED_VARIABLE = YES;
				IPHONEOS_DEPLOYMENT_TARGET = 8.1;
				MTL_ENABLE_DEBUG_INFO = NO;
				SDKROOT = iphoneos;
				VALIDATE_PRODUCT = YES;
			};
			name = Release;
		};
		FDCF0A401A71F2A200EE1B89 /* Debug */ = {
			isa = XCBuildConfiguration;
			baseConfigurationReference = 043C18C718179D8A07CC7C57 /* Pods.debug.xcconfig */;
			buildSettings = {
				ASSETCATALOG_COMPILER_APPICON_NAME = AppIcon;
				ASSETCATALOG_COMPILER_LAUNCHIMAGE_NAME = LaunchImage;
				CLANG_CXX_LIBRARY = "libc++";
				CODE_SIGN_IDENTITY = "iPhone Developer";
				"CODE_SIGN_IDENTITY[sdk=iphoneos*]" = "iPhone Developer";
				INFOPLIST_FILE = WaterTime/Info.plist;
				IPHONEOS_DEPLOYMENT_TARGET = 7.0;
				LD_RUNPATH_SEARCH_PATHS = "$(inherited) @executable_path/Frameworks";
				PRODUCT_BUNDLE_IDENTIFIER = com.juangua.test;
				PRODUCT_NAME = "$(TARGET_NAME)";
				PROVISIONING_PROFILE = "";
			};
			name = Debug;
		};
		FDCF0A411A71F2A200EE1B89 /* Release */ = {
			isa = XCBuildConfiguration;
			baseConfigurationReference = A9835A787E2C7B42917D3A7D /* Pods.release.xcconfig */;
			buildSettings = {
				ASSETCATALOG_COMPILER_APPICON_NAME = AppIcon;
				ASSETCATALOG_COMPILER_LAUNCHIMAGE_NAME = LaunchImage;
				CLANG_CXX_LIBRARY = "libc++";
				CODE_SIGN_IDENTITY = "iPhone Developer";
				"CODE_SIGN_IDENTITY[sdk=iphoneos*]" = "iPhone Developer";
				INFOPLIST_FILE = WaterTime/Info.plist;
				IPHONEOS_DEPLOYMENT_TARGET = 7.0;
				LD_RUNPATH_SEARCH_PATHS = "$(inherited) @executable_path/Frameworks";
				PRODUCT_BUNDLE_IDENTIFIER = com.juangua.test;
				PRODUCT_NAME = "$(TARGET_NAME)";
				PROVISIONING_PROFILE = "";
			};
			name = Release;
		};
/* End XCBuildConfiguration section */

/* Begin XCConfigurationList section */
		FDCF0A141A71F2A200EE1B89 /* Build configuration list for PBXProject "WaterTime" */ = {
			isa = XCConfigurationList;
			buildConfigurations = (
				FDCF0A3D1A71F2A200EE1B89 /* Debug */,
				FDCF0A3E1A71F2A200EE1B89 /* Release */,
			);
			defaultConfigurationIsVisible = 0;
			defaultConfigurationName = Release;
		};
		FDCF0A3F1A71F2A200EE1B89 /* Build configuration list for PBXNativeTarget "WaterTime" */ = {
			isa = XCConfigurationList;
			buildConfigurations = (
				FDCF0A401A71F2A200EE1B89 /* Debug */,
				FDCF0A411A71F2A200EE1B89 /* Release */,
			);
			defaultConfigurationIsVisible = 0;
			defaultConfigurationName = Release;
		};
/* End XCConfigurationList section */
	};
	rootObject = FDCF0A111A71F2A200EE1B89 /* Project object */;
}
