// !$*UTF8*$!
{
	archiveVersion = 1;
	classes = {
	};
	objectVersion = 46;
	objects = {

/* Begin PBXBuildFile section */
		FD50B0F51A84C9040082A79E /* WTCoreDataManager.m in Sources */ = {isa = PBXBuildFile; fileRef = FD50B0F41A84C9040082A79E /* WTCoreDataManager.m */; };
		FD552EDA1B2848A600E96A9B /* WTSKStoreProductViewController.m in Sources */ = {isa = PBXBuildFile; fileRef = FD552ED91B2848A600E96A9B /* WTSKStoreProductViewController.m */; };
		FDCF0A1F1A71F2A200EE1B89 /* main.m in Sources */ = {isa = PBXBuildFile; fileRef = FDCF0A1E1A71F2A200EE1B89 /* main.m */; };
		FDCF0A221A71F2A200EE1B89 /* AppDelegate.m in Sources */ = {isa = PBXBuildFile; fileRef = FDCF0A211A71F2A200EE1B89 /* AppDelegate.m */; };
		FDCF0A2B1A71F2A200EE1B89 /* Main.storyboard in Resources */ = {isa = PBXBuildFile; fileRef = FDCF0A291A71F2A200EE1B89 /* Main.storyboard */; };
		FDCF0A2D1A71F2A200EE1B89 /* Images.xcassets in Resources */ = {isa = PBXBuildFile; fileRef = FDCF0A2C1A71F2A200EE1B89 /* Images.xcassets */; };
		FDCF0A301A71F2A200EE1B89 /* LaunchScreen.xib in Resources */ = {isa = PBXBuildFile; fileRef = FDCF0A2E1A71F2A200EE1B89 /* LaunchScreen.xib */; };
		FDCF0A3C1A71F2A200EE1B89 /* WaterTimeTests.m in Sources */ = {isa = PBXBuildFile; fileRef = FDCF0A3B1A71F2A200EE1B89 /* WaterTimeTests.m */; };
		FDCF0A481A71F34C00EE1B89 /* WTMainViewController.m in Sources */ = {isa = PBXBuildFile; fileRef = FDCF0A471A71F34C00EE1B89 /* WTMainViewController.m */; };
		FDCF0A4B1A721E2400EE1B89 /* MainTableShowContentList.plist in Resources */ = {isa = PBXBuildFile; fileRef = FDCF0A4A1A721E2400EE1B89 /* MainTableShowContentList.plist */; };
		FDCF0A4E1A721FAD00EE1B89 /* WTMainTableConfigUtils.m in Sources */ = {isa = PBXBuildFile; fileRef = FDCF0A4D1A721FAD00EE1B89 /* WTMainTableConfigUtils.m */; };
		FDCF0A521A722A4E00EE1B89 /* WTLayoutBaseViewController.m in Sources */ = {isa = PBXBuildFile; fileRef = FDCF0A511A722A4E00EE1B89 /* WTLayoutBaseViewController.m */; };
		FDCF0A551A722A7F00EE1B89 /* WTCommonBaseViewController.m in Sources */ = {isa = PBXBuildFile; fileRef = FDCF0A541A722A7F00EE1B89 /* WTCommonBaseViewController.m */; };
		FDCF0A591A72397C00EE1B89 /* WTCoreDataViewController.m in Sources */ = {isa = PBXBuildFile; fileRef = FDCF0A581A72397C00EE1B89 /* WTCoreDataViewController.m */; };
		FDEACA0D1B2EC94F0074258C /* WTBackgroundBlurViewController.m in Sources */ = {isa = PBXBuildFile; fileRef = FDEACA0C1B2EC94F0074258C /* WTBackgroundBlurViewController.m */; };
		FDEACA101B2ECF320074258C /* WTMainTableJMPController.m in Sources */ = {isa = PBXBuildFile; fileRef = FDEACA0F1B2ECF320074258C /* WTMainTableJMPController.m */; };
		FDEACA131B2ECF6E0074258C /* UIImage+BlurGlass.m in Sources */ = {isa = PBXBuildFile; fileRef = FDEACA121B2ECF6E0074258C /* UIImage+BlurGlass.m */; };
/* End PBXBuildFile section */

/* Begin PBXContainerItemProxy section */
		FDCF0A361A71F2A200EE1B89 /* PBXContainerItemProxy */ = {
			isa = PBXContainerItemProxy;
			containerPortal = FDCF0A111A71F2A200EE1B89 /* Project object */;
			proxyType = 1;
			remoteGlobalIDString = FDCF0A181A71F2A200EE1B89;
			remoteInfo = WaterTime;
		};
/* End PBXContainerItemProxy section */

/* Begin PBXFileReference section */
		FD50B0F31A84C9040082A79E /* WTCoreDataManager.h */ = {isa = PBXFileReference; fileEncoding = 4; lastKnownFileType = sourcecode.c.h; path = WTCoreDataManager.h; sourceTree = "<group>"; };
		FD50B0F41A84C9040082A79E /* WTCoreDataManager.m */ = {isa = PBXFileReference; fileEncoding = 4; lastKnownFileType = sourcecode.c.objc; path = WTCoreDataManager.m; sourceTree = "<group>"; };
		FD552ED81B2848A600E96A9B /* WTSKStoreProductViewController.h */ = {isa = PBXFileReference; fileEncoding = 4; lastKnownFileType = sourcecode.c.h; path = WTSKStoreProductViewController.h; sourceTree = "<group>"; };
		FD552ED91B2848A600E96A9B /* WTSKStoreProductViewController.m */ = {isa = PBXFileReference; fileEncoding = 4; lastKnownFileType = sourcecode.c.objc; path = WTSKStoreProductViewController.m; sourceTree = "<group>"; };
		FDCF0A191A71F2A200EE1B89 /* WaterTime.app */ = {isa = PBXFileReference; explicitFileType = wrapper.application; includeInIndex = 0; path = WaterTime.app; sourceTree = BUILT_PRODUCTS_DIR; };
		FDCF0A1D1A71F2A200EE1B89 /* Info.plist */ = {isa = PBXFileReference; lastKnownFileType = text.plist.xml; path = Info.plist; sourceTree = "<group>"; };
		FDCF0A1E1A71F2A200EE1B89 /* main.m */ = {isa = PBXFileReference; lastKnownFileType = sourcecode.c.objc; path = main.m; sourceTree = "<group>"; };
		FDCF0A201A71F2A200EE1B89 /* AppDelegate.h */ = {isa = PBXFileReference; lastKnownFileType = sourcecode.c.h; path = AppDelegate.h; sourceTree = "<group>"; };
		FDCF0A211A71F2A200EE1B89 /* AppDelegate.m */ = {isa = PBXFileReference; lastKnownFileType = sourcecode.c.objc; path = AppDelegate.m; sourceTree = "<group>"; };
		FDCF0A2A1A71F2A200EE1B89 /* Base */ = {isa = PBXFileReference; lastKnownFileType = file.storyboard; name = Base; path = Base.lproj/Main.storyboard; sourceTree = "<group>"; };
		FDCF0A2C1A71F2A200EE1B89 /* Images.xcassets */ = {isa = PBXFileReference; lastKnownFileType = folder.assetcatalog; path = Images.xcassets; sourceTree = "<group>"; };
		FDCF0A2F1A71F2A200EE1B89 /* Base */ = {isa = PBXFileReference; lastKnownFileType = file.xib; name = Base; path = Base.lproj/LaunchScreen.xib; sourceTree = "<group>"; };
		FDCF0A351A71F2A200EE1B89 /* WaterTimeTests.xctest */ = {isa = PBXFileReference; explicitFileType = wrapper.cfbundle; includeInIndex = 0; path = WaterTimeTests.xctest; sourceTree = BUILT_PRODUCTS_DIR; };
		FDCF0A3A1A71F2A200EE1B89 /* Info.plist */ = {isa = PBXFileReference; lastKnownFileType = text.plist.xml; path = Info.plist; sourceTree = "<group>"; };
		FDCF0A3B1A71F2A200EE1B89 /* WaterTimeTests.m */ = {isa = PBXFileReference; lastKnownFileType = sourcecode.c.objc; path = WaterTimeTests.m; sourceTree = "<group>"; };
		FDCF0A461A71F34C00EE1B89 /* WTMainViewController.h */ = {isa = PBXFileReference; fileEncoding = 4; lastKnownFileType = sourcecode.c.h; path = WTMainViewController.h; sourceTree = "<group>"; };
		FDCF0A471A71F34C00EE1B89 /* WTMainViewController.m */ = {isa = PBXFileReference; fileEncoding = 4; lastKnownFileType = sourcecode.c.objc; path = WTMainViewController.m; sourceTree = "<group>"; };
		FDCF0A4A1A721E2400EE1B89 /* MainTableShowContentList.plist */ = {isa = PBXFileReference; fileEncoding = 4; lastKnownFileType = text.plist.xml; path = MainTableShowContentList.plist; sourceTree = "<group>"; };
		FDCF0A4C1A721FAD00EE1B89 /* WTMainTableConfigUtils.h */ = {isa = PBXFileReference; fileEncoding = 4; lastKnownFileType = sourcecode.c.h; path = WTMainTableConfigUtils.h; sourceTree = "<group>"; };
		FDCF0A4D1A721FAD00EE1B89 /* WTMainTableConfigUtils.m */ = {isa = PBXFileReference; fileEncoding = 4; lastKnownFileType = sourcecode.c.objc; path = WTMainTableConfigUtils.m; sourceTree = "<group>"; };
		FDCF0A501A722A4E00EE1B89 /* WTLayoutBaseViewController.h */ = {isa = PBXFileReference; fileEncoding = 4; lastKnownFileType = sourcecode.c.h; path = WTLayoutBaseViewController.h; sourceTree = "<group>"; };
		FDCF0A511A722A4E00EE1B89 /* WTLayoutBaseViewController.m */ = {isa = PBXFileReference; fileEncoding = 4; lastKnownFileType = sourcecode.c.objc; path = WTLayoutBaseViewController.m; sourceTree = "<group>"; };
		FDCF0A531A722A7F00EE1B89 /* WTCommonBaseViewController.h */ = {isa = PBXFileReference; fileEncoding = 4; lastKnownFileType = sourcecode.c.h; path = WTCommonBaseViewController.h; sourceTree = "<group>"; };
		FDCF0A541A722A7F00EE1B89 /* WTCommonBaseViewController.m */ = {isa = PBXFileReference; fileEncoding = 4; lastKnownFileType = sourcecode.c.objc; path = WTCommonBaseViewController.m; sourceTree = "<group>"; };
		FDCF0A571A72397C00EE1B89 /* WTCoreDataViewController.h */ = {isa = PBXFileReference; fileEncoding = 4; lastKnownFileType = sourcecode.c.h; path = WTCoreDataViewController.h; sourceTree = "<group>"; };
		FDCF0A581A72397C00EE1B89 /* WTCoreDataViewController.m */ = {isa = PBXFileReference; fileEncoding = 4; lastKnownFileType = sourcecode.c.objc; path = WTCoreDataViewController.m; sourceTree = "<group>"; };
		FDEACA0B1B2EC94F0074258C /* WTBackgroundBlurViewController.h */ = {isa = PBXFileReference; fileEncoding = 4; lastKnownFileType = sourcecode.c.h; path = WTBackgroundBlurViewController.h; sourceTree = "<group>"; };
		FDEACA0C1B2EC94F0074258C /* WTBackgroundBlurViewController.m */ = {isa = PBXFileReference; fileEncoding = 4; lastKnownFileType = sourcecode.c.objc; path = WTBackgroundBlurViewController.m; sourceTree = "<group>"; };
		FDEACA0E1B2ECF320074258C /* WTMainTableJMPController.h */ = {isa = PBXFileReference; fileEncoding = 4; lastKnownFileType = sourcecode.c.h; path = WTMainTableJMPController.h; sourceTree = "<group>"; };
		FDEACA0F1B2ECF320074258C /* WTMainTableJMPController.m */ = {isa = PBXFileReference; fileEncoding = 4; lastKnownFileType = sourcecode.c.objc; path = WTMainTableJMPController.m; sourceTree = "<group>"; };
		FDEACA111B2ECF6E0074258C /* UIImage+BlurGlass.h */ = {isa = PBXFileReference; fileEncoding = 4; lastKnownFileType = sourcecode.c.h; path = "UIImage+BlurGlass.h"; sourceTree = "<group>"; };
		FDEACA121B2ECF6E0074258C /* UIImage+BlurGlass.m */ = {isa = PBXFileReference; fileEncoding = 4; lastKnownFileType = sourcecode.c.objc; path = "UIImage+BlurGlass.m"; sourceTree = "<group>"; };
/* End PBXFileReference section */

/* Begin PBXFrameworksBuildPhase section */
		FDCF0A161A71F2A200EE1B89 /* Frameworks */ = {
			isa = PBXFrameworksBuildPhase;
			buildActionMask = 2147483647;
			files = (
			);
			runOnlyForDeploymentPostprocessing = 0;
		};
		FDCF0A321A71F2A200EE1B89 /* Frameworks */ = {
			isa = PBXFrameworksBuildPhase;
			buildActionMask = 2147483647;
			files = (
			);
			runOnlyForDeploymentPostprocessing = 0;
		};
/* End PBXFrameworksBuildPhase section */

/* Begin PBXGroup section */
		FD552ED71B28482C00E96A9B /* SystemService */ = {
			isa = PBXGroup;
			children = (
				FD552ED81B2848A600E96A9B /* WTSKStoreProductViewController.h */,
				FD552ED91B2848A600E96A9B /* WTSKStoreProductViewController.m */,
			);
			name = SystemService;
			path = WaterTime/UI/SystemService;
			sourceTree = SOURCE_ROOT;
		};
		FDCF0A101A71F2A200EE1B89 = {
			isa = PBXGroup;
			children = (
				FDCF0A1B1A71F2A200EE1B89 /* WaterTime */,
				FDCF0A381A71F2A200EE1B89 /* WaterTimeTests */,
				FDCF0A1A1A71F2A200EE1B89 /* Products */,
			);
			sourceTree = "<group>";
		};
		FDCF0A1A1A71F2A200EE1B89 /* Products */ = {
			isa = PBXGroup;
			children = (
				FDCF0A191A71F2A200EE1B89 /* WaterTime.app */,
				FDCF0A351A71F2A200EE1B89 /* WaterTimeTests.xctest */,
			);
			name = Products;
			sourceTree = "<group>";
		};
		FDCF0A1B1A71F2A200EE1B89 /* WaterTime */ = {
			isa = PBXGroup;
			children = (
				FDCF0A491A721DE300EE1B89 /* ConfigFiles */,
				FDCF0A451A71F33200EE1B89 /* UI */,
				FDCF0A201A71F2A200EE1B89 /* AppDelegate.h */,
				FDCF0A211A71F2A200EE1B89 /* AppDelegate.m */,
				FDCF0A291A71F2A200EE1B89 /* Main.storyboard */,
				FDCF0A2C1A71F2A200EE1B89 /* Images.xcassets */,
				FDCF0A2E1A71F2A200EE1B89 /* LaunchScreen.xib */,
				FDCF0A1C1A71F2A200EE1B89 /* Supporting Files */,
			);
			path = WaterTime;
			sourceTree = "<group>";
		};
		FDCF0A1C1A71F2A200EE1B89 /* Supporting Files */ = {
			isa = PBXGroup;
			children = (
				FDCF0A1D1A71F2A200EE1B89 /* Info.plist */,
				FDCF0A1E1A71F2A200EE1B89 /* main.m */,
			);
			name = "Supporting Files";
			sourceTree = "<group>";
		};
		FDCF0A381A71F2A200EE1B89 /* WaterTimeTests */ = {
			isa = PBXGroup;
			children = (
				FDCF0A3B1A71F2A200EE1B89 /* WaterTimeTests.m */,
				FDCF0A391A71F2A200EE1B89 /* Supporting Files */,
			);
			path = WaterTimeTests;
			sourceTree = "<group>";
		};
		FDCF0A391A71F2A200EE1B89 /* Supporting Files */ = {
			isa = PBXGroup;
			children = (
				FDCF0A3A1A71F2A200EE1B89 /* Info.plist */,
			);
			name = "Supporting Files";
			sourceTree = "<group>";
		};
		FDCF0A451A71F33200EE1B89 /* UI */ = {
			isa = PBXGroup;
			children = (
				FDCF0A5A1A724D2600EE1B89 /* Utilities */,
				FDCF0A4F1A722A0F00EE1B89 /* Abstract */,
				FDCF0A561A72395900EE1B89 /* CoreData */,
				FD552ED71B28482C00E96A9B /* SystemService */,
				FDEACA0A1B2EC8B90074258C /* UI */,
				FDCF0A461A71F34C00EE1B89 /* WTMainViewController.h */,
				FDCF0A471A71F34C00EE1B89 /* WTMainViewController.m */,
			);
			path = UI;
			sourceTree = "<group>";
		};
		FDCF0A491A721DE300EE1B89 /* ConfigFiles */ = {
			isa = PBXGroup;
			children = (
				FDEACA0E1B2ECF320074258C /* WTMainTableJMPController.h */,
				FDEACA0F1B2ECF320074258C /* WTMainTableJMPController.m */,
				FDCF0A4A1A721E2400EE1B89 /* MainTableShowContentList.plist */,
				FDCF0A4C1A721FAD00EE1B89 /* WTMainTableConfigUtils.h */,
				FDCF0A4D1A721FAD00EE1B89 /* WTMainTableConfigUtils.m */,
			);
			path = ConfigFiles;
			sourceTree = "<group>";
		};
		FDCF0A4F1A722A0F00EE1B89 /* Abstract */ = {
			isa = PBXGroup;
			children = (
				FDCF0A501A722A4E00EE1B89 /* WTLayoutBaseViewController.h */,
				FDCF0A511A722A4E00EE1B89 /* WTLayoutBaseViewController.m */,
				FDCF0A531A722A7F00EE1B89 /* WTCommonBaseViewController.h */,
				FDCF0A541A722A7F00EE1B89 /* WTCommonBaseViewController.m */,
			);
			path = Abstract;
			sourceTree = "<group>";
		};
		FDCF0A561A72395900EE1B89 /* CoreData */ = {
			isa = PBXGroup;
			children = (
				FDCF0A571A72397C00EE1B89 /* WTCoreDataViewController.h */,
				FDCF0A581A72397C00EE1B89 /* WTCoreDataViewController.m */,
				FD50B0F31A84C9040082A79E /* WTCoreDataManager.h */,
				FD50B0F41A84C9040082A79E /* WTCoreDataManager.m */,
			);
			path = CoreData;
			sourceTree = "<group>";
		};
		FDCF0A5A1A724D2600EE1B89 /* Utilities */ = {
			isa = PBXGroup;
			children = (
				FDEACA111B2ECF6E0074258C /* UIImage+BlurGlass.h */,
				FDEACA121B2ECF6E0074258C /* UIImage+BlurGlass.m */,
			);
			path = Utilities;
			sourceTree = "<group>";
		};
		FDEACA0A1B2EC8B90074258C /* UI */ = {
			isa = PBXGroup;
			children = (
				FDEACA0B1B2EC94F0074258C /* WTBackgroundBlurViewController.h */,
				FDEACA0C1B2EC94F0074258C /* WTBackgroundBlurViewController.m */,
			);
			name = UI;
			path = WaterTime/UI/UI;
			sourceTree = SOURCE_ROOT;
		};
/* End PBXGroup section */

/* Begin PBXNativeTarget section */
		FDCF0A181A71F2A200EE1B89 /* WaterTime */ = {
			isa = PBXNativeTarget;
			buildConfigurationList = FDCF0A3F1A71F2A200EE1B89 /* Build configuration list for PBXNativeTarget "WaterTime" */;
			buildPhases = (
				FDCF0A151A71F2A200EE1B89 /* Sources */,
				FDCF0A161A71F2A200EE1B89 /* Frameworks */,
				FDCF0A171A71F2A200EE1B89 /* Resources */,
			);
			buildRules = (
			);
			dependencies = (
			);
			name = WaterTime;
			productName = WaterTime;
			productReference = FDCF0A191A71F2A200EE1B89 /* WaterTime.app */;
			productType = "com.apple.product-type.application";
		};
		FDCF0A341A71F2A200EE1B89 /* WaterTimeTests */ = {
			isa = PBXNativeTarget;
			buildConfigurationList = FDCF0A421A71F2A200EE1B89 /* Build configuration list for PBXNativeTarget "WaterTimeTests" */;
			buildPhases = (
				FDCF0A311A71F2A200EE1B89 /* Sources */,
				FDCF0A321A71F2A200EE1B89 /* Frameworks */,
				FDCF0A331A71F2A200EE1B89 /* Resources */,
			);
			buildRules = (
			);
			dependencies = (
				FDCF0A371A71F2A200EE1B89 /* PBXTargetDependency */,
			);
			name = WaterTimeTests;
			productName = WaterTimeTests;
			productReference = FDCF0A351A71F2A200EE1B89 /* WaterTimeTests.xctest */;
			productType = "com.apple.product-type.bundle.unit-test";
		};
/* End PBXNativeTarget section */

/* Begin PBXProject section */
		FDCF0A111A71F2A200EE1B89 /* Project object */ = {
			isa = PBXProject;
			attributes = {
				LastUpgradeCheck = 0610;
				ORGANIZATIONNAME = WaterLiu;
				TargetAttributes = {
					FDCF0A181A71F2A200EE1B89 = {
						CreatedOnToolsVersion = 6.1.1;
						SystemCapabilities = {
							com.apple.BackgroundModes = {
								enabled = 0;
							};
						};
					};
					FDCF0A341A71F2A200EE1B89 = {
						CreatedOnToolsVersion = 6.1.1;
						TestTargetID = FDCF0A181A71F2A200EE1B89;
					};
				};
			};
			buildConfigurationList = FDCF0A141A71F2A200EE1B89 /* Build configuration list for PBXProject "WaterTime" */;
			compatibilityVersion = "Xcode 3.2";
			developmentRegion = English;
			hasScannedForEncodings = 0;
			knownRegions = (
				en,
				Base,
			);
			mainGroup = FDCF0A101A71F2A200EE1B89;
			productRefGroup = FDCF0A1A1A71F2A200EE1B89 /* Products */;
			projectDirPath = "";
			projectRoot = "";
			targets = (
				FDCF0A181A71F2A200EE1B89 /* WaterTime */,
				FDCF0A341A71F2A200EE1B89 /* WaterTimeTests */,
			);
		};
/* End PBXProject section */

/* Begin PBXResourcesBuildPhase section */
		FDCF0A171A71F2A200EE1B89 /* Resources */ = {
			isa = PBXResourcesBuildPhase;
			buildActionMask = 2147483647;
			files = (
				FDCF0A2B1A71F2A200EE1B89 /* Main.storyboard in Resources */,
				FDCF0A4B1A721E2400EE1B89 /* MainTableShowContentList.plist in Resources */,
				FDCF0A301A71F2A200EE1B89 /* LaunchScreen.xib in Resources */,
				FDCF0A2D1A71F2A200EE1B89 /* Images.xcassets in Resources */,
			);
			runOnlyForDeploymentPostprocessing = 0;
		};
		FDCF0A331A71F2A200EE1B89 /* Resources */ = {
			isa = PBXResourcesBuildPhase;
			buildActionMask = 2147483647;
			files = (
			);
			runOnlyForDeploymentPostprocessing = 0;
		};
/* End PBXResourcesBuildPhase section */

/* Begin PBXSourcesBuildPhase section */
		FDCF0A151A71F2A200EE1B89 /* Sources */ = {
			isa = PBXSourcesBuildPhase;
			buildActionMask = 2147483647;
			files = (
				FDCF0A481A71F34C00EE1B89 /* WTMainViewController.m in Sources */,
				FDEACA131B2ECF6E0074258C /* UIImage+BlurGlass.m in Sources */,
				FDCF0A4E1A721FAD00EE1B89 /* WTMainTableConfigUtils.m in Sources */,
				FDCF0A591A72397C00EE1B89 /* WTCoreDataViewController.m in Sources */,
				FDEACA101B2ECF320074258C /* WTMainTableJMPController.m in Sources */,
				FDEACA0D1B2EC94F0074258C /* WTBackgroundBlurViewController.m in Sources */,
				FDCF0A551A722A7F00EE1B89 /* WTCommonBaseViewController.m in Sources */,
				FD552EDA1B2848A600E96A9B /* WTSKStoreProductViewController.m in Sources */,
				FDCF0A221A71F2A200EE1B89 /* AppDelegate.m in Sources */,
				FD50B0F51A84C9040082A79E /* WTCoreDataManager.m in Sources */,
				FDCF0A1F1A71F2A200EE1B89 /* main.m in Sources */,
				FDCF0A521A722A4E00EE1B89 /* WTLayoutBaseViewController.m in Sources */,
			);
			runOnlyForDeploymentPostprocessing = 0;
		};
		FDCF0A311A71F2A200EE1B89 /* Sources */ = {
			isa = PBXSourcesBuildPhase;
			buildActionMask = 2147483647;
			files = (
				FDCF0A3C1A71F2A200EE1B89 /* WaterTimeTests.m in Sources */,
			);
			runOnlyForDeploymentPostprocessing = 0;
		};
/* End PBXSourcesBuildPhase section */

/* Begin PBXTargetDependency section */
		FDCF0A371A71F2A200EE1B89 /* PBXTargetDependency */ = {
			isa = PBXTargetDependency;
			target = FDCF0A181A71F2A200EE1B89 /* WaterTime */;
			targetProxy = FDCF0A361A71F2A200EE1B89 /* PBXContainerItemProxy */;
		};
/* End PBXTargetDependency section */

/* Begin PBXVariantGroup section */
		FDCF0A291A71F2A200EE1B89 /* Main.storyboard */ = {
			isa = PBXVariantGroup;
			children = (
				FDCF0A2A1A71F2A200EE1B89 /* Base */,
			);
			name = Main.storyboard;
			sourceTree = "<group>";
		};
		FDCF0A2E1A71F2A200EE1B89 /* LaunchScreen.xib */ = {
			isa = PBXVariantGroup;
			children = (
				FDCF0A2F1A71F2A200EE1B89 /* Base */,
			);
			name = LaunchScreen.xib;
			sourceTree = "<group>";
		};
/* End PBXVariantGroup section */

/* Begin XCBuildConfiguration section */
		FDCF0A3D1A71F2A200EE1B89 /* Debug */ = {
			isa = XCBuildConfiguration;
			buildSettings = {
				ALWAYS_SEARCH_USER_PATHS = NO;
				CLANG_CXX_LANGUAGE_STANDARD = "gnu++0x";
				CLANG_CXX_LIBRARY = "libc++";
				CLANG_ENABLE_MODULES = YES;
				CLANG_ENABLE_OBJC_ARC = YES;
				CLANG_WARN_BOOL_CONVERSION = YES;
				CLANG_WARN_CONSTANT_CONVERSION = YES;
				CLANG_WARN_DIRECT_OBJC_ISA_USAGE = YES_ERROR;
				CLANG_WARN_EMPTY_BODY = YES;
				CLANG_WARN_ENUM_CONVERSION = YES;
				CLANG_WARN_INT_CONVERSION = YES;
				CLANG_WARN_OBJC_ROOT_CLASS = YES_ERROR;
				CLANG_WARN_UNREACHABLE_CODE = YES;
				CLANG_WARN__DUPLICATE_METHOD_MATCH = YES;
				"CODE_SIGN_IDENTITY[sdk=iphoneos*]" = "iPhone Developer";
				COPY_PHASE_STRIP = NO;
				ENABLE_STRICT_OBJC_MSGSEND = YES;
				GCC_C_LANGUAGE_STANDARD = gnu99;
				GCC_DYNAMIC_NO_PIC = NO;
				GCC_OPTIMIZATION_LEVEL = 0;
				GCC_PREPROCESSOR_DEFINITIONS = (
					"DEBUG=1",
					"$(inherited)",
				);
				GCC_SYMBOLS_PRIVATE_EXTERN = NO;
				GCC_WARN_64_TO_32_BIT_CONVERSION = YES;
				GCC_WARN_ABOUT_RETURN_TYPE = YES_ERROR;
				GCC_WARN_UNDECLARED_SELECTOR = YES;
				GCC_WARN_UNINITIALIZED_AUTOS = YES_AGGRESSIVE;
				GCC_WARN_UNUSED_FUNCTION = YES;
				GCC_WARN_UNUSED_VARIABLE = YES;
				IPHONEOS_DEPLOYMENT_TARGET = 8.1;
				MTL_ENABLE_DEBUG_INFO = YES;
				ONLY_ACTIVE_ARCH = YES;
				SDKROOT = iphoneos;
			};
			name = Debug;
		};
		FDCF0A3E1A71F2A200EE1B89 /* Release */ = {
			isa = XCBuildConfiguration;
			buildSettings = {
				ALWAYS_SEARCH_USER_PATHS = NO;
				CLANG_CXX_LANGUAGE_STANDARD = "gnu++0x";
				CLANG_CXX_LIBRARY = "libc++";
				CLANG_ENABLE_MODULES = YES;
				CLANG_ENABLE_OBJC_ARC = YES;
				CLANG_WARN_BOOL_CONVERSION = YES;
				CLANG_WARN_CONSTANT_CONVERSION = YES;
				CLANG_WARN_DIRECT_OBJC_ISA_USAGE = YES_ERROR;
				CLANG_WARN_EMPTY_BODY = YES;
				CLANG_WARN_ENUM_CONVERSION = YES;
				CLANG_WARN_INT_CONVERSION = YES;
				CLANG_WARN_OBJC_ROOT_CLASS = YES_ERROR;
				CLANG_WARN_UNREACHABLE_CODE = YES;
				CLANG_WARN__DUPLICATE_METHOD_MATCH = YES;
				"CODE_SIGN_IDENTITY[sdk=iphoneos*]" = "iPhone Developer";
				COPY_PHASE_STRIP = YES;
				ENABLE_NS_ASSERTIONS = NO;
				ENABLE_STRICT_OBJC_MSGSEND = YES;
				GCC_C_LANGUAGE_STANDARD = gnu99;
				GCC_WARN_64_TO_32_BIT_CONVERSION = YES;
				GCC_WARN_ABOUT_RETURN_TYPE = YES_ERROR;
				GCC_WARN_UNDECLARED_SELECTOR = YES;
				GCC_WARN_UNINITIALIZED_AUTOS = YES_AGGRESSIVE;
				GCC_WARN_UNUSED_FUNCTION = YES;
				GCC_WARN_UNUSED_VARIABLE = YES;
				IPHONEOS_DEPLOYMENT_TARGET = 8.1;
				MTL_ENABLE_DEBUG_INFO = NO;
				SDKROOT = iphoneos;
				VALIDATE_PRODUCT = YES;
			};
			name = Release;
		};
		FDCF0A401A71F2A200EE1B89 /* Debug */ = {
			isa = XCBuildConfiguration;
			buildSettings = {
				ASSETCATALOG_COMPILER_APPICON_NAME = AppIcon;
				CLANG_CXX_LIBRARY = "libc++";
				CODE_SIGN_IDENTITY = "iPhone Developer";
				INFOPLIST_FILE = WaterTime/Info.plist;
				LD_RUNPATH_SEARCH_PATHS = "$(inherited) @executable_path/Frameworks";
				PRODUCT_NAME = "$(TARGET_NAME)";
			};
			name = Debug;
		};
		FDCF0A411A71F2A200EE1B89 /* Release */ = {
			isa = XCBuildConfiguration;
			buildSettings = {
				ASSETCATALOG_COMPILER_APPICON_NAME = AppIcon;
				CLANG_CXX_LIBRARY = "libc++";
				CODE_SIGN_IDENTITY = "iPhone Developer";
				INFOPLIST_FILE = WaterTime/Info.plist;
				LD_RUNPATH_SEARCH_PATHS = "$(inherited) @executable_path/Frameworks";
				PRODUCT_NAME = "$(TARGET_NAME)";
			};
			name = Release;
		};
		FDCF0A431A71F2A200EE1B89 /* Debug */ = {
			isa = XCBuildConfiguration;
			buildSettings = {
				BUNDLE_LOADER = "$(TEST_HOST)";
				FRAMEWORK_SEARCH_PATHS = (
					"$(SDKROOT)/Developer/Library/Frameworks",
					"$(inherited)",
				);
				GCC_PREPROCESSOR_DEFINITIONS = (
					"DEBUG=1",
					"$(inherited)",
				);
				INFOPLIST_FILE = WaterTimeTests/Info.plist;
				LD_RUNPATH_SEARCH_PATHS = "$(inherited) @executable_path/Frameworks @loader_path/Frameworks";
				PRODUCT_NAME = "$(TARGET_NAME)";
				TEST_HOST = "$(BUILT_PRODUCTS_DIR)/WaterTime.app/WaterTime";
			};
			name = Debug;
		};
		FDCF0A441A71F2A200EE1B89 /* Release */ = {
			isa = XCBuildConfiguration;
			buildSettings = {
				BUNDLE_LOADER = "$(TEST_HOST)";
				FRAMEWORK_SEARCH_PATHS = (
					"$(SDKROOT)/Developer/Library/Frameworks",
					"$(inherited)",
				);
				INFOPLIST_FILE = WaterTimeTests/Info.plist;
				LD_RUNPATH_SEARCH_PATHS = "$(inherited) @executable_path/Frameworks @loader_path/Frameworks";
				PRODUCT_NAME = "$(TARGET_NAME)";
				TEST_HOST = "$(BUILT_PRODUCTS_DIR)/WaterTime.app/WaterTime";
			};
			name = Release;
		};
/* End XCBuildConfiguration section */

/* Begin XCConfigurationList section */
		FDCF0A141A71F2A200EE1B89 /* Build configuration list for PBXProject "WaterTime" */ = {
			isa = XCConfigurationList;
			buildConfigurations = (
				FDCF0A3D1A71F2A200EE1B89 /* Debug */,
				FDCF0A3E1A71F2A200EE1B89 /* Release */,
			);
			defaultConfigurationIsVisible = 0;
			defaultConfigurationName = Release;
		};
		FDCF0A3F1A71F2A200EE1B89 /* Build configuration list for PBXNativeTarget "WaterTime" */ = {
			isa = XCConfigurationList;
			buildConfigurations = (
				FDCF0A401A71F2A200EE1B89 /* Debug */,
				FDCF0A411A71F2A200EE1B89 /* Release */,
			);
			defaultConfigurationIsVisible = 0;
			defaultConfigurationName = Release;
		};
		FDCF0A421A71F2A200EE1B89 /* Build configuration list for PBXNativeTarget "WaterTimeTests" */ = {
			isa = XCConfigurationList;
			buildConfigurations = (
				FDCF0A431A71F2A200EE1B89 /* Debug */,
				FDCF0A441A71F2A200EE1B89 /* Release */,
			);
			defaultConfigurationIsVisible = 0;
			defaultConfigurationName = Release;
		};
/* End XCConfigurationList section */
	};
	rootObject = FDCF0A111A71F2A200EE1B89 /* Project object */;
}
