// !$*UTF8*$!
{
	archiveVersion = 1;
	classes = {
	};
	objectVersion = 46;
	objects = {

/* Begin PBXBuildFile section */
		94813AA25079F2C971711013 /* libPods.a in Frameworks */ = {isa = PBXBuildFile; fileRef = 3150FADE4B9CE8450FD72602 /* libPods.a */; };
		FD14E2521B58FF06004EB769 /* WTTakeScreenShotViewController.m in Sources */ = {isa = PBXBuildFile; fileRef = FD14E2511B58FF06004EB769 /* WTTakeScreenShotViewController.m */; };
		FD196C201B4532CC0026CD9A /* WTTestViewController.m in Sources */ = {isa = PBXBuildFile; fileRef = FD196C1F1B4532CC0026CD9A /* WTTestViewController.m */; };
		FD196C231B4533710026CD9A /* WTWebView.m in Sources */ = {isa = PBXBuildFile; fileRef = FD196C221B4533710026CD9A /* WTWebView.m */; };
		FD50B0F51A84C9040082A79E /* WTCoreDataManager.m in Sources */ = {isa = PBXBuildFile; fileRef = FD50B0F41A84C9040082A79E /* WTCoreDataManager.m */; };
		FD552EDA1B2848A600E96A9B /* WTSKStoreProductViewController.m in Sources */ = {isa = PBXBuildFile; fileRef = FD552ED91B2848A600E96A9B /* WTSKStoreProductViewController.m */; };
		FD69C31D1B428F3E00C2A715 /* WTCrashReportViewController.m in Sources */ = {isa = PBXBuildFile; fileRef = FD69C31C1B428F3E00C2A715 /* WTCrashReportViewController.m */; };
		FD760B2E1B6A33C700219284 /* LaunchScreen.xib in Resources */ = {isa = PBXBuildFile; fileRef = FD760B2C1B6A33C700219284 /* LaunchScreen.xib */; };
		FD7EBCE71C1ED5F5007C479D /* WTFontViewController.m in Sources */ = {isa = PBXBuildFile; fileRef = FD7EBCE61C1ED5F5007C479D /* WTFontViewController.m */; };
		FD976CAC1B79F024005CE35D /* WTURLProtocolViewController.m in Sources */ = {isa = PBXBuildFile; fileRef = FD976CAB1B79F024005CE35D /* WTURLProtocolViewController.m */; };
		FDA12B8B1B4060CE000DA235 /* Reachability.m in Sources */ = {isa = PBXBuildFile; fileRef = FDA12B8A1B4060CE000DA235 /* Reachability.m */; };
		FDA12B8F1B406202000DA235 /* WTNetworkStateViewController.m in Sources */ = {isa = PBXBuildFile; fileRef = FDA12B8E1B406202000DA235 /* WTNetworkStateViewController.m */; };
		FDBD3CDC1C033B1F000E5439 /* GIFDownloader.m in Sources */ = {isa = PBXBuildFile; fileRef = FDBD3CDB1C033B1F000E5439 /* GIFDownloader.m */; };
		FDCF0A1F1A71F2A200EE1B89 /* main.m in Sources */ = {isa = PBXBuildFile; fileRef = FDCF0A1E1A71F2A200EE1B89 /* main.m */; };
		FDCF0A221A71F2A200EE1B89 /* AppDelegate.m in Sources */ = {isa = PBXBuildFile; fileRef = FDCF0A211A71F2A200EE1B89 /* AppDelegate.m */; };
		FDCF0A2B1A71F2A200EE1B89 /* Main.storyboard in Resources */ = {isa = PBXBuildFile; fileRef = FDCF0A291A71F2A200EE1B89 /* Main.storyboard */; };
		FDCF0A2D1A71F2A200EE1B89 /* Images.xcassets in Resources */ = {isa = PBXBuildFile; fileRef = FDCF0A2C1A71F2A200EE1B89 /* Images.xcassets */; };
		FDCF0A3C1A71F2A200EE1B89 /* WaterTimeTests.m in Sources */ = {isa = PBXBuildFile; fileRef = FDCF0A3B1A71F2A200EE1B89 /* WaterTimeTests.m */; };
		FDCF0A481A71F34C00EE1B89 /* WTMainViewController.m in Sources */ = {isa = PBXBuildFile; fileRef = FDCF0A471A71F34C00EE1B89 /* WTMainViewController.m */; };
		FDCF0A4B1A721E2400EE1B89 /* MainTableShowContentList.plist in Resources */ = {isa = PBXBuildFile; fileRef = FDCF0A4A1A721E2400EE1B89 /* MainTableShowContentList.plist */; };
		FDCF0A4E1A721FAD00EE1B89 /* WTMainTableConfigUtils.m in Sources */ = {isa = PBXBuildFile; fileRef = FDCF0A4D1A721FAD00EE1B89 /* WTMainTableConfigUtils.m */; };
		FDCF0A521A722A4E00EE1B89 /* WTLayoutBaseViewController.m in Sources */ = {isa = PBXBuildFile; fileRef = FDCF0A511A722A4E00EE1B89 /* WTLayoutBaseViewController.m */; };
		FDCF0A551A722A7F00EE1B89 /* WTCommonBaseViewController.m in Sources */ = {isa = PBXBuildFile; fileRef = FDCF0A541A722A7F00EE1B89 /* WTCommonBaseViewController.m */; };
		FDCF0A591A72397C00EE1B89 /* WTCoreDataViewController.m in Sources */ = {isa = PBXBuildFile; fileRef = FDCF0A581A72397C00EE1B89 /* WTCoreDataViewController.m */; };
		FDDAE55B1B6F71B70035D462 /* WTLocalAuthenticationViewController.m in Sources */ = {isa = PBXBuildFile; fileRef = FDDAE55A1B6F71B70035D462 /* WTLocalAuthenticationViewController.m */; };
		FDDC58E31C1988230070E578 /* WTCoreVideoViewController.m in Sources */ = {isa = PBXBuildFile; fileRef = FDDC58E21C1988230070E578 /* WTCoreVideoViewController.m */; };
		FDEACA0D1B2EC94F0074258C /* WTBackgroundBlurViewController.m in Sources */ = {isa = PBXBuildFile; fileRef = FDEACA0C1B2EC94F0074258C /* WTBackgroundBlurViewController.m */; };
		FDEACA101B2ECF320074258C /* WTMainTableJMPController.m in Sources */ = {isa = PBXBuildFile; fileRef = FDEACA0F1B2ECF320074258C /* WTMainTableJMPController.m */; };
		FDEACA131B2ECF6E0074258C /* UIImage+BlurGlass.m in Sources */ = {isa = PBXBuildFile; fileRef = FDEACA121B2ECF6E0074258C /* UIImage+BlurGlass.m */; };
/* End PBXBuildFile section */

/* Begin PBXContainerItemProxy section */
		FDCF0A361A71F2A200EE1B89 /* PBXContainerItemProxy */ = {
			isa = PBXContainerItemProxy;
			containerPortal = FDCF0A111A71F2A200EE1B89 /* Project object */;
			proxyType = 1;
			remoteGlobalIDString = FDCF0A181A71F2A200EE1B89;
			remoteInfo = WaterTime;
		};
/* End PBXContainerItemProxy section */

/* Begin PBXFileReference section */
		043C18C718179D8A07CC7C57 /* Pods.debug.xcconfig */ = {isa = PBXFileReference; includeInIndex = 1; lastKnownFileType = text.xcconfig; name = Pods.debug.xcconfig; path = "Pods/Target Support Files/Pods/Pods.debug.xcconfig"; sourceTree = "<group>"; };
		3150FADE4B9CE8450FD72602 /* libPods.a */ = {isa = PBXFileReference; explicitFileType = archive.ar; includeInIndex = 0; path = libPods.a; sourceTree = BUILT_PRODUCTS_DIR; };
		A9835A787E2C7B42917D3A7D /* Pods.release.xcconfig */ = {isa = PBXFileReference; includeInIndex = 1; lastKnownFileType = text.xcconfig; name = Pods.release.xcconfig; path = "Pods/Target Support Files/Pods/Pods.release.xcconfig"; sourceTree = "<group>"; };
		FD14E2501B58FF06004EB769 /* WTTakeScreenShotViewController.h */ = {isa = PBXFileReference; fileEncoding = 4; lastKnownFileType = sourcecode.c.h; path = WTTakeScreenShotViewController.h; sourceTree = "<group>"; };
		FD14E2511B58FF06004EB769 /* WTTakeScreenShotViewController.m */ = {isa = PBXFileReference; fileEncoding = 4; lastKnownFileType = sourcecode.c.objc; path = WTTakeScreenShotViewController.m; sourceTree = "<group>"; };
		FD196C1E1B4532CC0026CD9A /* WTTestViewController.h */ = {isa = PBXFileReference; fileEncoding = 4; lastKnownFileType = sourcecode.c.h; path = WTTestViewController.h; sourceTree = "<group>"; };
		FD196C1F1B4532CC0026CD9A /* WTTestViewController.m */ = {isa = PBXFileReference; fileEncoding = 4; lastKnownFileType = sourcecode.c.objc; path = WTTestViewController.m; sourceTree = "<group>"; };
		FD196C211B4533710026CD9A /* WTWebView.h */ = {isa = PBXFileReference; fileEncoding = 4; lastKnownFileType = sourcecode.c.h; path = WTWebView.h; sourceTree = "<group>"; };
		FD196C221B4533710026CD9A /* WTWebView.m */ = {isa = PBXFileReference; fileEncoding = 4; lastKnownFileType = sourcecode.c.objc; path = WTWebView.m; sourceTree = "<group>"; };
		FD50B0F31A84C9040082A79E /* WTCoreDataManager.h */ = {isa = PBXFileReference; fileEncoding = 4; lastKnownFileType = sourcecode.c.h; path = WTCoreDataManager.h; sourceTree = "<group>"; };
		FD50B0F41A84C9040082A79E /* WTCoreDataManager.m */ = {isa = PBXFileReference; fileEncoding = 4; lastKnownFileType = sourcecode.c.objc; path = WTCoreDataManager.m; sourceTree = "<group>"; };
		FD552ED81B2848A600E96A9B /* WTSKStoreProductViewController.h */ = {isa = PBXFileReference; fileEncoding = 4; lastKnownFileType = sourcecode.c.h; path = WTSKStoreProductViewController.h; sourceTree = "<group>"; };
		FD552ED91B2848A600E96A9B /* WTSKStoreProductViewController.m */ = {isa = PBXFileReference; fileEncoding = 4; lastKnownFileType = sourcecode.c.objc; path = WTSKStoreProductViewController.m; sourceTree = "<group>"; };
		FD69C31B1B428F3E00C2A715 /* WTCrashReportViewController.h */ = {isa = PBXFileReference; fileEncoding = 4; lastKnownFileType = sourcecode.c.h; path = WTCrashReportViewController.h; sourceTree = "<group>"; };
		FD69C31C1B428F3E00C2A715 /* WTCrashReportViewController.m */ = {isa = PBXFileReference; fileEncoding = 4; lastKnownFileType = sourcecode.c.objc; path = WTCrashReportViewController.m; sourceTree = "<group>"; };
		FD760B2D1B6A33C700219284 /* Base */ = {isa = PBXFileReference; lastKnownFileType = file.xib; name = Base; path = Base.lproj/LaunchScreen.xib; sourceTree = "<group>"; };
		FD7EBCE51C1ED5F5007C479D /* WTFontViewController.h */ = {isa = PBXFileReference; fileEncoding = 4; lastKnownFileType = sourcecode.c.h; path = WTFontViewController.h; sourceTree = "<group>"; };
		FD7EBCE61C1ED5F5007C479D /* WTFontViewController.m */ = {isa = PBXFileReference; fileEncoding = 4; lastKnownFileType = sourcecode.c.objc; path = WTFontViewController.m; sourceTree = "<group>"; };
		FD976CAA1B79F024005CE35D /* WTURLProtocolViewController.h */ = {isa = PBXFileReference; fileEncoding = 4; lastKnownFileType = sourcecode.c.h; path = WTURLProtocolViewController.h; sourceTree = "<group>"; };
		FD976CAB1B79F024005CE35D /* WTURLProtocolViewController.m */ = {isa = PBXFileReference; fileEncoding = 4; lastKnownFileType = sourcecode.c.objc; path = WTURLProtocolViewController.m; sourceTree = "<group>"; };
		FDA12B891B4060CE000DA235 /* Reachability.h */ = {isa = PBXFileReference; fileEncoding = 4; lastKnownFileType = sourcecode.c.h; path = Reachability.h; sourceTree = "<group>"; };
		FDA12B8A1B4060CE000DA235 /* Reachability.m */ = {isa = PBXFileReference; fileEncoding = 4; lastKnownFileType = sourcecode.c.objc; path = Reachability.m; sourceTree = "<group>"; };
		FDA12B8D1B406202000DA235 /* WTNetworkStateViewController.h */ = {isa = PBXFileReference; fileEncoding = 4; lastKnownFileType = sourcecode.c.h; path = WTNetworkStateViewController.h; sourceTree = "<group>"; };
		FDA12B8E1B406202000DA235 /* WTNetworkStateViewController.m */ = {isa = PBXFileReference; fileEncoding = 4; lastKnownFileType = sourcecode.c.objc; path = WTNetworkStateViewController.m; sourceTree = "<group>"; };
		FDBD3CDA1C033B1F000E5439 /* GIFDownloader.h */ = {isa = PBXFileReference; fileEncoding = 4; lastKnownFileType = sourcecode.c.h; name = GIFDownloader.h; path = ../UI/TestFinder/GIFDownloader.h; sourceTree = "<group>"; };
		FDBD3CDB1C033B1F000E5439 /* GIFDownloader.m */ = {isa = PBXFileReference; fileEncoding = 4; lastKnownFileType = sourcecode.c.objc; name = GIFDownloader.m; path = ../UI/TestFinder/GIFDownloader.m; sourceTree = "<group>"; };
		FDCF0A191A71F2A200EE1B89 /* WaterTime.app */ = {isa = PBXFileReference; explicitFileType = wrapper.application; includeInIndex = 0; path = WaterTime.app; sourceTree = BUILT_PRODUCTS_DIR; };
		FDCF0A1D1A71F2A200EE1B89 /* Info.plist */ = {isa = PBXFileReference; lastKnownFileType = text.plist.xml; path = Info.plist; sourceTree = "<group>"; };
		FDCF0A1E1A71F2A200EE1B89 /* main.m */ = {isa = PBXFileReference; lastKnownFileType = sourcecode.c.objc; path = main.m; sourceTree = "<group>"; };
		FDCF0A201A71F2A200EE1B89 /* AppDelegate.h */ = {isa = PBXFileReference; lastKnownFileType = sourcecode.c.h; path = AppDelegate.h; sourceTree = "<group>"; };
		FDCF0A211A71F2A200EE1B89 /* AppDelegate.m */ = {isa = PBXFileReference; lastKnownFileType = sourcecode.c.objc; path = AppDelegate.m; sourceTree = "<group>"; };
		FDCF0A2A1A71F2A200EE1B89 /* Base */ = {isa = PBXFileReference; lastKnownFileType = file.storyboard; name = Base; path = Base.lproj/Main.storyboard; sourceTree = "<group>"; };
		FDCF0A2C1A71F2A200EE1B89 /* Images.xcassets */ = {isa = PBXFileReference; lastKnownFileType = folder.assetcatalog; path = Images.xcassets; sourceTree = "<group>"; };
		FDCF0A351A71F2A200EE1B89 /* WaterTimeTests.xctest */ = {isa = PBXFileReference; explicitFileType = wrapper.cfbundle; includeInIndex = 0; path = WaterTimeTests.xctest; sourceTree = BUILT_PRODUCTS_DIR; };
		FDCF0A3A1A71F2A200EE1B89 /* Info.plist */ = {isa = PBXFileReference; lastKnownFileType = text.plist.xml; path = Info.plist; sourceTree = "<group>"; };
		FDCF0A3B1A71F2A200EE1B89 /* WaterTimeTests.m */ = {isa = PBXFileReference; lastKnownFileType = sourcecode.c.objc; path = WaterTimeTests.m; sourceTree = "<group>"; };
		FDCF0A461A71F34C00EE1B89 /* WTMainViewController.h */ = {isa = PBXFileReference; fileEncoding = 4; lastKnownFileType = sourcecode.c.h; path = WTMainViewController.h; sourceTree = "<group>"; };
		FDCF0A471A71F34C00EE1B89 /* WTMainViewController.m */ = {isa = PBXFileReference; fileEncoding = 4; lastKnownFileType = sourcecode.c.objc; path = WTMainViewController.m; sourceTree = "<group>"; };
		FDCF0A4A1A721E2400EE1B89 /* MainTableShowContentList.plist */ = {isa = PBXFileReference; fileEncoding = 4; lastKnownFileType = text.plist.xml; path = MainTableShowContentList.plist; sourceTree = "<group>"; };
		FDCF0A4C1A721FAD00EE1B89 /* WTMainTableConfigUtils.h */ = {isa = PBXFileReference; fileEncoding = 4; lastKnownFileType = sourcecode.c.h; path = WTMainTableConfigUtils.h; sourceTree = "<group>"; };
		FDCF0A4D1A721FAD00EE1B89 /* WTMainTableConfigUtils.m */ = {isa = PBXFileReference; fileEncoding = 4; lastKnownFileType = sourcecode.c.objc; path = WTMainTableConfigUtils.m; sourceTree = "<group>"; };
		FDCF0A501A722A4E00EE1B89 /* WTLayoutBaseViewController.h */ = {isa = PBXFileReference; fileEncoding = 4; lastKnownFileType = sourcecode.c.h; path = WTLayoutBaseViewController.h; sourceTree = "<group>"; };
		FDCF0A511A722A4E00EE1B89 /* WTLayoutBaseViewController.m */ = {isa = PBXFileReference; fileEncoding = 4; lastKnownFileType = sourcecode.c.objc; path = WTLayoutBaseViewController.m; sourceTree = "<group>"; };
		FDCF0A531A722A7F00EE1B89 /* WTCommonBaseViewController.h */ = {isa = PBXFileReference; fileEncoding = 4; lastKnownFileType = sourcecode.c.h; path = WTCommonBaseViewController.h; sourceTree = "<group>"; };
		FDCF0A541A722A7F00EE1B89 /* WTCommonBaseViewController.m */ = {isa = PBXFileReference; fileEncoding = 4; lastKnownFileType = sourcecode.c.objc; path = WTCommonBaseViewController.m; sourceTree = "<group>"; };
		FDCF0A571A72397C00EE1B89 /* WTCoreDataViewController.h */ = {isa = PBXFileReference; fileEncoding = 4; lastKnownFileType = sourcecode.c.h; path = WTCoreDataViewController.h; sourceTree = "<group>"; };
		FDCF0A581A72397C00EE1B89 /* WTCoreDataViewController.m */ = {isa = PBXFileReference; fileEncoding = 4; lastKnownFileType = sourcecode.c.objc; path = WTCoreDataViewController.m; sourceTree = "<group>"; };
		FDDAE5591B6F71B70035D462 /* WTLocalAuthenticationViewController.h */ = {isa = PBXFileReference; fileEncoding = 4; lastKnownFileType = sourcecode.c.h; path = WTLocalAuthenticationViewController.h; sourceTree = "<group>"; };
		FDDAE55A1B6F71B70035D462 /* WTLocalAuthenticationViewController.m */ = {isa = PBXFileReference; fileEncoding = 4; lastKnownFileType = sourcecode.c.objc; path = WTLocalAuthenticationViewController.m; sourceTree = "<group>"; };
		FDDC58E11C1988230070E578 /* WTCoreVideoViewController.h */ = {isa = PBXFileReference; fileEncoding = 4; lastKnownFileType = sourcecode.c.h; path = WTCoreVideoViewController.h; sourceTree = "<group>"; };
		FDDC58E21C1988230070E578 /* WTCoreVideoViewController.m */ = {isa = PBXFileReference; fileEncoding = 4; lastKnownFileType = sourcecode.c.objc; path = WTCoreVideoViewController.m; sourceTree = "<group>"; };
		FDEACA0B1B2EC94F0074258C /* WTBackgroundBlurViewController.h */ = {isa = PBXFileReference; fileEncoding = 4; lastKnownFileType = sourcecode.c.h; path = WTBackgroundBlurViewController.h; sourceTree = "<group>"; };
		FDEACA0C1B2EC94F0074258C /* WTBackgroundBlurViewController.m */ = {isa = PBXFileReference; fileEncoding = 4; lastKnownFileType = sourcecode.c.objc; path = WTBackgroundBlurViewController.m; sourceTree = "<group>"; };
		FDEACA0E1B2ECF320074258C /* WTMainTableJMPController.h */ = {isa = PBXFileReference; fileEncoding = 4; lastKnownFileType = sourcecode.c.h; path = WTMainTableJMPController.h; sourceTree = "<group>"; };
		FDEACA0F1B2ECF320074258C /* WTMainTableJMPController.m */ = {isa = PBXFileReference; fileEncoding = 4; lastKnownFileType = sourcecode.c.objc; path = WTMainTableJMPController.m; sourceTree = "<group>"; };
		FDEACA111B2ECF6E0074258C /* UIImage+BlurGlass.h */ = {isa = PBXFileReference; fileEncoding = 4; lastKnownFileType = sourcecode.c.h; path = "UIImage+BlurGlass.h"; sourceTree = "<group>"; };
		FDEACA121B2ECF6E0074258C /* UIImage+BlurGlass.m */ = {isa = PBXFileReference; fileEncoding = 4; lastKnownFileType = sourcecode.c.objc; path = "UIImage+BlurGlass.m"; sourceTree = "<group>"; };
/* End PBXFileReference section */

/* Begin PBXFrameworksBuildPhase section */
		FDCF0A161A71F2A200EE1B89 /* Frameworks */ = {
			isa = PBXFrameworksBuildPhase;
			buildActionMask = 2147483647;
			files = (
				94813AA25079F2C971711013 /* libPods.a in Frameworks */,
			);
			runOnlyForDeploymentPostprocessing = 0;
		};
		FDCF0A321A71F2A200EE1B89 /* Frameworks */ = {
			isa = PBXFrameworksBuildPhase;
			buildActionMask = 2147483647;
			files = (
			);
			runOnlyForDeploymentPostprocessing = 0;
		};
/* End PBXFrameworksBuildPhase section */

/* Begin PBXGroup section */
		0433913010F58CDA26E3FF9F /* Frameworks */ = {
			isa = PBXGroup;
			children = (
				3150FADE4B9CE8450FD72602 /* libPods.a */,
			);
			name = Frameworks;
			sourceTree = "<group>";
		};
		D8F77ECB74CDB5C08EBFF820 /* Pods */ = {
			isa = PBXGroup;
			children = (
				043C18C718179D8A07CC7C57 /* Pods.debug.xcconfig */,
				A9835A787E2C7B42917D3A7D /* Pods.release.xcconfig */,
			);
			name = Pods;
			sourceTree = "<group>";
		};
		FD552ED71B28482C00E96A9B /* SystemService */ = {
			isa = PBXGroup;
			children = (
				FD552ED81B2848A600E96A9B /* WTSKStoreProductViewController.h */,
				FD552ED91B2848A600E96A9B /* WTSKStoreProductViewController.m */,
				FD14E2501B58FF06004EB769 /* WTTakeScreenShotViewController.h */,
				FD14E2511B58FF06004EB769 /* WTTakeScreenShotViewController.m */,
				FDDAE5591B6F71B70035D462 /* WTLocalAuthenticationViewController.h */,
				FDDAE55A1B6F71B70035D462 /* WTLocalAuthenticationViewController.m */,
			);
			name = SystemService;
			path = WaterTime/UI/SystemService;
			sourceTree = SOURCE_ROOT;
		};
		FD69C31A1B428F0F00C2A715 /* BaseService */ = {
			isa = PBXGroup;
			children = (
				FD69C31B1B428F3E00C2A715 /* WTCrashReportViewController.h */,
				FD69C31C1B428F3E00C2A715 /* WTCrashReportViewController.m */,
			);
			name = BaseService;
			path = WaterTime/UI/BaseService;
			sourceTree = SOURCE_ROOT;
		};
		FDA12B861B40609A000DA235 /* Foundation */ = {
			isa = PBXGroup;
			children = (
				FDA12B871B4060CE000DA235 /* Network */,
			);
			path = Foundation;
			sourceTree = "<group>";
		};
		FDA12B871B4060CE000DA235 /* Network */ = {
			isa = PBXGroup;
			children = (
				FDA12B881B4060CE000DA235 /* NetState */,
			);
			path = Network;
			sourceTree = "<group>";
		};
		FDA12B881B4060CE000DA235 /* NetState */ = {
			isa = PBXGroup;
			children = (
				FDA12B891B4060CE000DA235 /* Reachability.h */,
				FDA12B8A1B4060CE000DA235 /* Reachability.m */,
			);
			path = NetState;
			sourceTree = "<group>";
		};
		FDA12B8C1B406197000DA235 /* Network */ = {
			isa = PBXGroup;
			children = (
				FDA12B8D1B406202000DA235 /* WTNetworkStateViewController.h */,
				FDA12B8E1B406202000DA235 /* WTNetworkStateViewController.m */,
				FD976CAA1B79F024005CE35D /* WTURLProtocolViewController.h */,
				FD976CAB1B79F024005CE35D /* WTURLProtocolViewController.m */,
			);
			path = Network;
			sourceTree = "<group>";
		};
		FDBD3CD91C033B1F000E5439 /* TestFinder */ = {
			isa = PBXGroup;
			children = (
			);
			path = TestFinder;
			sourceTree = "<group>";
		};
		FDCF0A101A71F2A200EE1B89 = {
			isa = PBXGroup;
			children = (
				FDCF0A1B1A71F2A200EE1B89 /* WaterTime */,
				FDCF0A381A71F2A200EE1B89 /* WaterTimeTests */,
				FDCF0A1A1A71F2A200EE1B89 /* Products */,
				D8F77ECB74CDB5C08EBFF820 /* Pods */,
				0433913010F58CDA26E3FF9F /* Frameworks */,
			);
			sourceTree = "<group>";
		};
		FDCF0A1A1A71F2A200EE1B89 /* Products */ = {
			isa = PBXGroup;
			children = (
				FDCF0A191A71F2A200EE1B89 /* WaterTime.app */,
				FDCF0A351A71F2A200EE1B89 /* WaterTimeTests.xctest */,
			);
			name = Products;
			sourceTree = "<group>";
		};
		FDCF0A1B1A71F2A200EE1B89 /* WaterTime */ = {
			isa = PBXGroup;
			children = (
				FDCF0A491A721DE300EE1B89 /* ConfigFiles */,
				FDCF0A451A71F33200EE1B89 /* UI */,
				FDA12B861B40609A000DA235 /* Foundation */,
				FDCF0A201A71F2A200EE1B89 /* AppDelegate.h */,
				FDCF0A211A71F2A200EE1B89 /* AppDelegate.m */,
				FDCF0A291A71F2A200EE1B89 /* Main.storyboard */,
				FD760B2C1B6A33C700219284 /* LaunchScreen.xib */,
				FDCF0A2C1A71F2A200EE1B89 /* Images.xcassets */,
				FDCF0A1C1A71F2A200EE1B89 /* Supporting Files */,
			);
			path = WaterTime;
			sourceTree = "<group>";
		};
		FDCF0A1C1A71F2A200EE1B89 /* Supporting Files */ = {
			isa = PBXGroup;
			children = (
				FDCF0A1D1A71F2A200EE1B89 /* Info.plist */,
				FDCF0A1E1A71F2A200EE1B89 /* main.m */,
			);
			name = "Supporting Files";
			sourceTree = "<group>";
		};
		FDCF0A381A71F2A200EE1B89 /* WaterTimeTests */ = {
			isa = PBXGroup;
			children = (
				FDCF0A3B1A71F2A200EE1B89 /* WaterTimeTests.m */,
				FDCF0A391A71F2A200EE1B89 /* Supporting Files */,
			);
			path = WaterTimeTests;
			sourceTree = "<group>";
		};
		FDCF0A391A71F2A200EE1B89 /* Supporting Files */ = {
			isa = PBXGroup;
			children = (
				FDCF0A3A1A71F2A200EE1B89 /* Info.plist */,
			);
			name = "Supporting Files";
			sourceTree = "<group>";
		};
		FDCF0A451A71F33200EE1B89 /* UI */ = {
			isa = PBXGroup;
			children = (
				FDCF0A5A1A724D2600EE1B89 /* Utilities */,
				FDCF0A4F1A722A0F00EE1B89 /* Abstract */,
				FDDC58E01C1987DF0070E578 /* CoreVideo */,
				FDCF0A561A72395900EE1B89 /* CoreData */,
				FD552ED71B28482C00E96A9B /* SystemService */,
				FDEACA0A1B2EC8B90074258C /* UI */,
				FDA12B8C1B406197000DA235 /* Network */,
				FD69C31A1B428F0F00C2A715 /* BaseService */,
				FDCF0A461A71F34C00EE1B89 /* WTMainViewController.h */,
				FDCF0A471A71F34C00EE1B89 /* WTMainViewController.m */,
			);
			path = UI;
			sourceTree = "<group>";
		};
		FDCF0A491A721DE300EE1B89 /* ConfigFiles */ = {
			isa = PBXGroup;
			children = (
				FDCF0A4A1A721E2400EE1B89 /* MainTableShowContentList.plist */,
				FDEACA0E1B2ECF320074258C /* WTMainTableJMPController.h */,
				FDEACA0F1B2ECF320074258C /* WTMainTableJMPController.m */,
				FDCF0A4C1A721FAD00EE1B89 /* WTMainTableConfigUtils.h */,
				FDCF0A4D1A721FAD00EE1B89 /* WTMainTableConfigUtils.m */,
			);
			path = ConfigFiles;
			sourceTree = "<group>";
		};
		FDCF0A4F1A722A0F00EE1B89 /* Abstract */ = {
			isa = PBXGroup;
			children = (
				FDCF0A501A722A4E00EE1B89 /* WTLayoutBaseViewController.h */,
				FDCF0A511A722A4E00EE1B89 /* WTLayoutBaseViewController.m */,
				FDCF0A531A722A7F00EE1B89 /* WTCommonBaseViewController.h */,
				FDCF0A541A722A7F00EE1B89 /* WTCommonBaseViewController.m */,
			);
			path = Abstract;
			sourceTree = "<group>";
		};
		FDCF0A561A72395900EE1B89 /* CoreData */ = {
			isa = PBXGroup;
			children = (
				FDCF0A571A72397C00EE1B89 /* WTCoreDataViewController.h */,
				FDCF0A581A72397C00EE1B89 /* WTCoreDataViewController.m */,
				FD50B0F31A84C9040082A79E /* WTCoreDataManager.h */,
				FD50B0F41A84C9040082A79E /* WTCoreDataManager.m */,
			);
			path = CoreData;
			sourceTree = "<group>";
		};
		FDCF0A5A1A724D2600EE1B89 /* Utilities */ = {
			isa = PBXGroup;
			children = (
				FDEACA111B2ECF6E0074258C /* UIImage+BlurGlass.h */,
				FDEACA121B2ECF6E0074258C /* UIImage+BlurGlass.m */,
			);
			path = Utilities;
			sourceTree = "<group>";
		};
		FDDC58E01C1987DF0070E578 /* CoreVideo */ = {
			isa = PBXGroup;
			children = (
				FDBD3CDA1C033B1F000E5439 /* GIFDownloader.h */,
				FDBD3CDB1C033B1F000E5439 /* GIFDownloader.m */,
				FDDC58E11C1988230070E578 /* WTCoreVideoViewController.h */,
				FDDC58E21C1988230070E578 /* WTCoreVideoViewController.m */,
			);
			path = CoreVideo;
			sourceTree = "<group>";
		};
		FDEACA0A1B2EC8B90074258C /* UI */ = {
			isa = PBXGroup;
			children = (
				FDBD3CD91C033B1F000E5439 /* TestFinder */,
				FDEACA0B1B2EC94F0074258C /* WTBackgroundBlurViewController.h */,
				FDEACA0C1B2EC94F0074258C /* WTBackgroundBlurViewController.m */,
				FD196C1E1B4532CC0026CD9A /* WTTestViewController.h */,
				FD196C1F1B4532CC0026CD9A /* WTTestViewController.m */,
				FD196C211B4533710026CD9A /* WTWebView.h */,
				FD196C221B4533710026CD9A /* WTWebView.m */,
				FD7EBCE51C1ED5F5007C479D /* WTFontViewController.h */,
				FD7EBCE61C1ED5F5007C479D /* WTFontViewController.m */,
			);
			name = UI;
			path = WaterTime/UI/UI;
			sourceTree = SOURCE_ROOT;
		};
/* End PBXGroup section */

/* Begin PBXNativeTarget section */
		FDCF0A181A71F2A200EE1B89 /* WaterTime */ = {
			isa = PBXNativeTarget;
			buildConfigurationList = FDCF0A3F1A71F2A200EE1B89 /* Build configuration list for PBXNativeTarget "WaterTime" */;
			buildPhases = (
				CF55173481D310822D39A649 /* Check Pods Manifest.lock */,
				FDCF0A151A71F2A200EE1B89 /* Sources */,
				FDCF0A161A71F2A200EE1B89 /* Frameworks */,
				FDCF0A171A71F2A200EE1B89 /* Resources */,
				846C0216557E00EFAEFE9B80 /* Copy Pods Resources */,
			);
			buildRules = (
			);
			dependencies = (
			);
			name = WaterTime;
			productName = WaterTime;
			productReference = FDCF0A191A71F2A200EE1B89 /* WaterTime.app */;
			productType = "com.apple.product-type.application";
		};
		FDCF0A341A71F2A200EE1B89 /* WaterTimeTests */ = {
			isa = PBXNativeTarget;
			buildConfigurationList = FDCF0A421A71F2A200EE1B89 /* Build configuration list for PBXNativeTarget "WaterTimeTests" */;
			buildPhases = (
				FDCF0A311A71F2A200EE1B89 /* Sources */,
				FDCF0A321A71F2A200EE1B89 /* Frameworks */,
				FDCF0A331A71F2A200EE1B89 /* Resources */,
			);
			buildRules = (
			);
			dependencies = (
				FDCF0A371A71F2A200EE1B89 /* PBXTargetDependency */,
			);
			name = WaterTimeTests;
			productName = WaterTimeTests;
			productReference = FDCF0A351A71F2A200EE1B89 /* WaterTimeTests.xctest */;
			productType = "com.apple.product-type.bundle.unit-test";
		};
/* End PBXNativeTarget section */

/* Begin PBXProject section */
		FDCF0A111A71F2A200EE1B89 /* Project object */ = {
			isa = PBXProject;
			attributes = {
				LastUpgradeCheck = 0610;
				ORGANIZATIONNAME = WaterLiu;
				TargetAttributes = {
					FDCF0A181A71F2A200EE1B89 = {
						CreatedOnToolsVersion = 6.1.1;
						SystemCapabilities = {
							com.apple.BackgroundModes = {
								enabled = 0;
							};
						};
					};
					FDCF0A341A71F2A200EE1B89 = {
						CreatedOnToolsVersion = 6.1.1;
						TestTargetID = FDCF0A181A71F2A200EE1B89;
					};
				};
			};
			buildConfigurationList = FDCF0A141A71F2A200EE1B89 /* Build configuration list for PBXProject "WaterTime" */;
			compatibilityVersion = "Xcode 3.2";
			developmentRegion = English;
			hasScannedForEncodings = 0;
			knownRegions = (
				en,
				Base,
			);
			mainGroup = FDCF0A101A71F2A200EE1B89;
			productRefGroup = FDCF0A1A1A71F2A200EE1B89 /* Products */;
			projectDirPath = "";
			projectRoot = "";
			targets = (
				FDCF0A181A71F2A200EE1B89 /* WaterTime */,
				FDCF0A341A71F2A200EE1B89 /* WaterTimeTests */,
			);
		};
/* End PBXProject section */

/* Begin PBXResourcesBuildPhase section */
		FDCF0A171A71F2A200EE1B89 /* Resources */ = {
			isa = PBXResourcesBuildPhase;
			buildActionMask = 2147483647;
			files = (
				FD760B2E1B6A33C700219284 /* LaunchScreen.xib in Resources */,
				FDCF0A2B1A71F2A200EE1B89 /* Main.storyboard in Resources */,
				FDCF0A4B1A721E2400EE1B89 /* MainTableShowContentList.plist in Resources */,
				FDCF0A2D1A71F2A200EE1B89 /* Images.xcassets in Resources */,
			);
			runOnlyForDeploymentPostprocessing = 0;
		};
		FDCF0A331A71F2A200EE1B89 /* Resources */ = {
			isa = PBXResourcesBuildPhase;
			buildActionMask = 2147483647;
			files = (
			);
			runOnlyForDeploymentPostprocessing = 0;
		};
/* End PBXResourcesBuildPhase section */

/* Begin PBXShellScriptBuildPhase section */
		846C0216557E00EFAEFE9B80 /* Copy Pods Resources */ = {
			isa = PBXShellScriptBuildPhase;
			buildActionMask = 2147483647;
			files = (
			);
			inputPaths = (
			);
			name = "Copy Pods Resources";
			outputPaths = (
			);
			runOnlyForDeploymentPostprocessing = 0;
			shellPath = /bin/sh;
			shellScript = "\"${SRCROOT}/Pods/Target Support Files/Pods/Pods-resources.sh\"\n";
			showEnvVarsInLog = 0;
		};
		CF55173481D310822D39A649 /* Check Pods Manifest.lock */ = {
			isa = PBXShellScriptBuildPhase;
			buildActionMask = 2147483647;
			files = (
			);
			inputPaths = (
			);
			name = "Check Pods Manifest.lock";
			outputPaths = (
			);
			runOnlyForDeploymentPostprocessing = 0;
			shellPath = /bin/sh;
			shellScript = "diff \"${PODS_ROOT}/../Podfile.lock\" \"${PODS_ROOT}/Manifest.lock\" > /dev/null\nif [[ $? != 0 ]] ; then\n    cat << EOM\nerror: The sandbox is not in sync with the Podfile.lock. Run 'pod install' or update your CocoaPods installation.\nEOM\n    exit 1\nfi\n";
			showEnvVarsInLog = 0;
		};
/* End PBXShellScriptBuildPhase section */

/* Begin PBXSourcesBuildPhase section */
		FDCF0A151A71F2A200EE1B89 /* Sources */ = {
			isa = PBXSourcesBuildPhase;
			buildActionMask = 2147483647;
			files = (
				FDA12B8B1B4060CE000DA235 /* Reachability.m in Sources */,
				FDCF0A481A71F34C00EE1B89 /* WTMainViewController.m in Sources */,
				FDEACA131B2ECF6E0074258C /* UIImage+BlurGlass.m in Sources */,
				FDCF0A4E1A721FAD00EE1B89 /* WTMainTableConfigUtils.m in Sources */,
				FDA12B8F1B406202000DA235 /* WTNetworkStateViewController.m in Sources */,
				FD7EBCE71C1ED5F5007C479D /* WTFontViewController.m in Sources */,
				FD69C31D1B428F3E00C2A715 /* WTCrashReportViewController.m in Sources */,
				FDCF0A591A72397C00EE1B89 /* WTCoreDataViewController.m in Sources */,
				FDEACA101B2ECF320074258C /* WTMainTableJMPController.m in Sources */,
				FDBD3CDC1C033B1F000E5439 /* GIFDownloader.m in Sources */,
				FDEACA0D1B2EC94F0074258C /* WTBackgroundBlurViewController.m in Sources */,
				FD196C231B4533710026CD9A /* WTWebView.m in Sources */,
				FDCF0A551A722A7F00EE1B89 /* WTCommonBaseViewController.m in Sources */,
				FD552EDA1B2848A600E96A9B /* WTSKStoreProductViewController.m in Sources */,
				FD14E2521B58FF06004EB769 /* WTTakeScreenShotViewController.m in Sources */,
				FDDC58E31C1988230070E578 /* WTCoreVideoViewController.m in Sources */,
				FDDAE55B1B6F71B70035D462 /* WTLocalAuthenticationViewController.m in Sources */,
				FD196C201B4532CC0026CD9A /* WTTestViewController.m in Sources */,
				FDCF0A221A71F2A200EE1B89 /* AppDelegate.m in Sources */,
				FD50B0F51A84C9040082A79E /* WTCoreDataManager.m in Sources */,
				FDCF0A1F1A71F2A200EE1B89 /* main.m in Sources */,
				FDCF0A521A722A4E00EE1B89 /* WTLayoutBaseViewController.m in Sources */,
				FD976CAC1B79F024005CE35D /* WTURLProtocolViewController.m in Sources */,
			);
			runOnlyForDeploymentPostprocessing = 0;
		};
		FDCF0A311A71F2A200EE1B89 /* Sources */ = {
			isa = PBXSourcesBuildPhase;
			buildActionMask = 2147483647;
			files = (
				FDCF0A3C1A71F2A200EE1B89 /* WaterTimeTests.m in Sources */,
			);
			runOnlyForDeploymentPostprocessing = 0;
		};
/* End PBXSourcesBuildPhase section */

/* Begin PBXTargetDependency section */
		FDCF0A371A71F2A200EE1B89 /* PBXTargetDependency */ = {
			isa = PBXTargetDependency;
			target = FDCF0A181A71F2A200EE1B89 /* WaterTime */;
			targetProxy = FDCF0A361A71F2A200EE1B89 /* PBXContainerItemProxy */;
		};
/* End PBXTargetDependency section */

/* Begin PBXVariantGroup section */
		FD760B2C1B6A33C700219284 /* LaunchScreen.xib */ = {
			isa = PBXVariantGroup;
			children = (
				FD760B2D1B6A33C700219284 /* Base */,
			);
			name = LaunchScreen.xib;
			sourceTree = "<group>";
		};
		FDCF0A291A71F2A200EE1B89 /* Main.storyboard */ = {
			isa = PBXVariantGroup;
			children = (
				FDCF0A2A1A71F2A200EE1B89 /* Base */,
			);
			name = Main.storyboard;
			sourceTree = "<group>";
		};
/* End PBXVariantGroup section */

/* Begin XCBuildConfiguration section */
		FDCF0A3D1A71F2A200EE1B89 /* Debug */ = {
			isa = XCBuildConfiguration;
			buildSettings = {
				ALWAYS_SEARCH_USER_PATHS = NO;
				CLANG_CXX_LANGUAGE_STANDARD = "gnu++0x";
				CLANG_CXX_LIBRARY = "libc++";
				CLANG_ENABLE_MODULES = YES;
				CLANG_ENABLE_OBJC_ARC = YES;
				CLANG_WARN_BOOL_CONVERSION = YES;
				CLANG_WARN_CONSTANT_CONVERSION = YES;
				CLANG_WARN_DIRECT_OBJC_ISA_USAGE = YES_ERROR;
				CLANG_WARN_EMPTY_BODY = YES;
				CLANG_WARN_ENUM_CONVERSION = YES;
				CLANG_WARN_INT_CONVERSION = YES;
				CLANG_WARN_OBJC_ROOT_CLASS = YES_ERROR;
				CLANG_WARN_UNREACHABLE_CODE = YES;
				CLANG_WARN__DUPLICATE_METHOD_MATCH = YES;
				CODE_SIGN_IDENTITY = "iPhone Developer";
				"CODE_SIGN_IDENTITY[sdk=iphoneos*]" = "iPhone Developer";
				COPY_PHASE_STRIP = NO;
				ENABLE_STRICT_OBJC_MSGSEND = YES;
				GCC_C_LANGUAGE_STANDARD = gnu99;
				GCC_DYNAMIC_NO_PIC = NO;
				GCC_OPTIMIZATION_LEVEL = 0;
				GCC_PREPROCESSOR_DEFINITIONS = (
					"DEBUG=1",
					"$(inherited)",
				);
				GCC_SYMBOLS_PRIVATE_EXTERN = NO;
				GCC_WARN_64_TO_32_BIT_CONVERSION = YES;
				GCC_WARN_ABOUT_RETURN_TYPE = YES_ERROR;
				GCC_WARN_UNDECLARED_SELECTOR = YES;
				GCC_WARN_UNINITIALIZED_AUTOS = YES_AGGRESSIVE;
				GCC_WARN_UNUSED_FUNCTION = YES;
				GCC_WARN_UNUSED_VARIABLE = YES;
				IPHONEOS_DEPLOYMENT_TARGET = 8.1;
				MTL_ENABLE_DEBUG_INFO = YES;
				ONLY_ACTIVE_ARCH = YES;
				SDKROOT = iphoneos;
			};
			name = Debug;
		};
		FDCF0A3E1A71F2A200EE1B89 /* Release */ = {
			isa = XCBuildConfiguration;
			buildSettings = {
				ALWAYS_SEARCH_USER_PATHS = NO;
				CLANG_CXX_LANGUAGE_STANDARD = "gnu++0x";
				CLANG_CXX_LIBRARY = "libc++";
				CLANG_ENABLE_MODULES = YES;
				CLANG_ENABLE_OBJC_ARC = YES;
				CLANG_WARN_BOOL_CONVERSION = YES;
				CLANG_WARN_CONSTANT_CONVERSION = YES;
				CLANG_WARN_DIRECT_OBJC_ISA_USAGE = YES_ERROR;
				CLANG_WARN_EMPTY_BODY = YES;
				CLANG_WARN_ENUM_CONVERSION = YES;
				CLANG_WARN_INT_CONVERSION = YES;
				CLANG_WARN_OBJC_ROOT_CLASS = YES_ERROR;
				CLANG_WARN_UNREACHABLE_CODE = YES;
				CLANG_WARN__DUPLICATE_METHOD_MATCH = YES;
				CODE_SIGN_IDENTITY = "iPhone Developer";
				"CODE_SIGN_IDENTITY[sdk=iphoneos*]" = "iPhone Developer";
				COPY_PHASE_STRIP = YES;
				ENABLE_NS_ASSERTIONS = NO;
				ENABLE_STRICT_OBJC_MSGSEND = YES;
				GCC_C_LANGUAGE_STANDARD = gnu99;
				GCC_WARN_64_TO_32_BIT_CONVERSION = YES;
				GCC_WARN_ABOUT_RETURN_TYPE = YES_ERROR;
				GCC_WARN_UNDECLARED_SELECTOR = YES;
				GCC_WARN_UNINITIALIZED_AUTOS = YES_AGGRESSIVE;
				GCC_WARN_UNUSED_FUNCTION = YES;
				GCC_WARN_UNUSED_VARIABLE = YES;
				IPHONEOS_DEPLOYMENT_TARGET = 8.1;
				MTL_ENABLE_DEBUG_INFO = NO;
				SDKROOT = iphoneos;
				VALIDATE_PRODUCT = YES;
			};
			name = Release;
		};
		FDCF0A401A71F2A200EE1B89 /* Debug */ = {
			isa = XCBuildConfiguration;
			baseConfigurationReference = 043C18C718179D8A07CC7C57 /* Pods.debug.xcconfig */;
			buildSettings = {
				ASSETCATALOG_COMPILER_APPICON_NAME = AppIcon;
				ASSETCATALOG_COMPILER_LAUNCHIMAGE_NAME = LaunchImage;
				CLANG_CXX_LIBRARY = "libc++";
				CODE_SIGN_IDENTITY = "iPhone Developer";
				"CODE_SIGN_IDENTITY[sdk=iphoneos*]" = "iPhone Developer";
				INFOPLIST_FILE = WaterTime/Info.plist;
				IPHONEOS_DEPLOYMENT_TARGET = 7.0;
				LD_RUNPATH_SEARCH_PATHS = "$(inherited) @executable_path/Frameworks";
				PRODUCT_BUNDLE_IDENTIFIER = com.juangua.test;
				PRODUCT_NAME = "$(TARGET_NAME)";
				PROVISIONING_PROFILE = "";
			};
			name = Debug;
		};
		FDCF0A411A71F2A200EE1B89 /* Release */ = {
			isa = XCBuildConfiguration;
			baseConfigurationReference = A9835A787E2C7B42917D3A7D /* Pods.release.xcconfig */;
			buildSettings = {
				ASSETCATALOG_COMPILER_APPICON_NAME = AppIcon;
				ASSETCATALOG_COMPILER_LAUNCHIMAGE_NAME = LaunchImage;
				CLANG_CXX_LIBRARY = "libc++";
				CODE_SIGN_IDENTITY = "iPhone Developer";
				"CODE_SIGN_IDENTITY[sdk=iphoneos*]" = "iPhone Developer";
				INFOPLIST_FILE = WaterTime/Info.plist;
				IPHONEOS_DEPLOYMENT_TARGET = 7.0;
				LD_RUNPATH_SEARCH_PATHS = "$(inherited) @executable_path/Frameworks";
				PRODUCT_BUNDLE_IDENTIFIER = com.juangua.test;
				PRODUCT_NAME = "$(TARGET_NAME)";
				PROVISIONING_PROFILE = "";
			};
			name = Release;
		};
		FDCF0A431A71F2A200EE1B89 /* Debug */ = {
			isa = XCBuildConfiguration;
			buildSettings = {
				BUNDLE_LOADER = "$(TEST_HOST)";
				FRAMEWORK_SEARCH_PATHS = (
					"$(SDKROOT)/Developer/Library/Frameworks",
					"$(inherited)",
				);
				GCC_PREPROCESSOR_DEFINITIONS = (
					"DEBUG=1",
					"$(inherited)",
				);
				INFOPLIST_FILE = WaterTimeTests/Info.plist;
				LD_RUNPATH_SEARCH_PATHS = "$(inherited) @executable_path/Frameworks @loader_path/Frameworks";
				PRODUCT_NAME = "$(TARGET_NAME)";
				TEST_HOST = "$(BUILT_PRODUCTS_DIR)/WaterTime.app/WaterTime";
			};
			name = Debug;
		};
		FDCF0A441A71F2A200EE1B89 /* Release */ = {
			isa = XCBuildConfiguration;
			buildSettings = {
				BUNDLE_LOADER = "$(TEST_HOST)";
				FRAMEWORK_SEARCH_PATHS = (
					"$(SDKROOT)/Developer/Library/Frameworks",
					"$(inherited)",
				);
				INFOPLIST_FILE = WaterTimeTests/Info.plist;
				LD_RUNPATH_SEARCH_PATHS = "$(inherited) @executable_path/Frameworks @loader_path/Frameworks";
				PRODUCT_NAME = "$(TARGET_NAME)";
				TEST_HOST = "$(BUILT_PRODUCTS_DIR)/WaterTime.app/WaterTime";
			};
			name = Release;
		};
/* End XCBuildConfiguration section */

/* Begin XCConfigurationList section */
		FDCF0A141A71F2A200EE1B89 /* Build configuration list for PBXProject "WaterTime" */ = {
			isa = XCConfigurationList;
			buildConfigurations = (
				FDCF0A3D1A71F2A200EE1B89 /* Debug */,
				FDCF0A3E1A71F2A200EE1B89 /* Release */,
			);
			defaultConfigurationIsVisible = 0;
			defaultConfigurationName = Release;
		};
		FDCF0A3F1A71F2A200EE1B89 /* Build configuration list for PBXNativeTarget "WaterTime" */ = {
			isa = XCConfigurationList;
			buildConfigurations = (
				FDCF0A401A71F2A200EE1B89 /* Debug */,
				FDCF0A411A71F2A200EE1B89 /* Release */,
			);
			defaultConfigurationIsVisible = 0;
			defaultConfigurationName = Release;
		};
		FDCF0A421A71F2A200EE1B89 /* Build configuration list for PBXNativeTarget "WaterTimeTests" */ = {
			isa = XCConfigurationList;
			buildConfigurations = (
				FDCF0A431A71F2A200EE1B89 /* Debug */,
				FDCF0A441A71F2A200EE1B89 /* Release */,
			);
			defaultConfigurationIsVisible = 0;
			defaultConfigurationName = Release;
		};
/* End XCConfigurationList section */
	};
	rootObject = FDCF0A111A71F2A200EE1B89 /* Project object */;
}
